// !$*UTF8*$!
{
	archiveVersion = 1;
	classes = {
	};
	objectVersion = 56;
	objects = {

/* Begin PBXBuildFile section */
		358FDF1D5DBFDCCDB10EDEFA /* Pods_NotificationProject.framework in Frameworks */ = {isa = PBXBuildFile; fileRef = 749444232832201744575B9A /* Pods_NotificationProject.framework */; };
		560714332CB44D93002053CA /* RegistrationScreenViewControllerTests.swift in Sources */ = {isa = PBXBuildFile; fileRef = 560714322CB44D93002053CA /* RegistrationScreenViewControllerTests.swift */; };
		560F99232E7FF26500AEEA76 /* OnboardingCoordinator.swift in Sources */ = {isa = PBXBuildFile; fileRef = 560F99222E7FF26500AEEA76 /* OnboardingCoordinator.swift */; };
		560F99252E7FF2AD00AEEA76 /* OnboardingViewController.swift in Sources */ = {isa = PBXBuildFile; fileRef = 560F99242E7FF2AD00AEEA76 /* OnboardingViewController.swift */; };
		56217BE62B9325AB00843672 /* Offsets.swift in Sources */ = {isa = PBXBuildFile; fileRef = 56217BE52B9325AB00843672 /* Offsets.swift */; };
		56217BE82B94763800843672 /* Insets.swift in Sources */ = {isa = PBXBuildFile; fileRef = 56217BE72B94763800843672 /* Insets.swift */; };
		56217BEC2BAB516F00843672 /* UserScreenViewController.swift in Sources */ = {isa = PBXBuildFile; fileRef = 56217BEB2BAB516F00843672 /* UserScreenViewController.swift */; };
		56217BEE2BACA74D00843672 /* InclineScreenViewController.swift in Sources */ = {isa = PBXBuildFile; fileRef = 56217BED2BACA74D00843672 /* InclineScreenViewController.swift */; };
		56217BF02BACA76000843672 /* ExpensesScreenViewController.swift in Sources */ = {isa = PBXBuildFile; fileRef = 56217BEF2BACA76000843672 /* ExpensesScreenViewController.swift */; };
		5622BF8A2BCDA36C00946446 /* AppDelegate.swift in Sources */ = {isa = PBXBuildFile; fileRef = 5622BF892BCDA36C00946446 /* AppDelegate.swift */; };
		563C03CF2B3B5C24009F2811 /* Rectangle.swift in Sources */ = {isa = PBXBuildFile; fileRef = 563C03CE2B3B5C24009F2811 /* Rectangle.swift */; };
		563C03D12B3B5CC9009F2811 /* BurgerMenu.swift in Sources */ = {isa = PBXBuildFile; fileRef = 563C03D02B3B5CC9009F2811 /* BurgerMenu.swift */; };
		564C32A72CE9D450002D46B7 /* ManagerTests.swift in Sources */ = {isa = PBXBuildFile; fileRef = 564C32A62CE9D450002D46B7 /* ManagerTests.swift */; };
		564D89B92BBF229B002B14DF /* StorageService.swift in Sources */ = {isa = PBXBuildFile; fileRef = 564D89B82BBF229B002B14DF /* StorageService.swift */; };
		564D89BD2BBF2401002B14DF /* MainScreenCoordinator.swift in Sources */ = {isa = PBXBuildFile; fileRef = 564D89BC2BBF2401002B14DF /* MainScreenCoordinator.swift */; };
		564D89BF2BBF240A002B14DF /* MainScreenAssembly.swift in Sources */ = {isa = PBXBuildFile; fileRef = 564D89BE2BBF240A002B14DF /* MainScreenAssembly.swift */; };
		564D89C12BBF2410002B14DF /* MainScreenController.swift in Sources */ = {isa = PBXBuildFile; fileRef = 564D89C02BBF2410002B14DF /* MainScreenController.swift */; };
		564D89C32BBF2416002B14DF /* MainScreenPresenter.swift in Sources */ = {isa = PBXBuildFile; fileRef = 564D89C22BBF2416002B14DF /* MainScreenPresenter.swift */; };
		564D89CD2BCAB289002B14DF /* AppCoordinator.swift in Sources */ = {isa = PBXBuildFile; fileRef = 564D89CC2BCAB289002B14DF /* AppCoordinator.swift */; };
		565A2BC12BCE83D1006EEC1D /* UserScreenAssembly.swift in Sources */ = {isa = PBXBuildFile; fileRef = 565A2BC02BCE83D1006EEC1D /* UserScreenAssembly.swift */; };
		565A2BC32BCE83D9006EEC1D /* UserScreenPresenter.swift in Sources */ = {isa = PBXBuildFile; fileRef = 565A2BC22BCE83D9006EEC1D /* UserScreenPresenter.swift */; };
		565A2BC52BCE83F8006EEC1D /* ExpensesScreenAssembly.swift in Sources */ = {isa = PBXBuildFile; fileRef = 565A2BC42BCE83F8006EEC1D /* ExpensesScreenAssembly.swift */; };
		565A2BC72BCE8400006EEC1D /* ExpensesScreenPresenter.swift in Sources */ = {isa = PBXBuildFile; fileRef = 565A2BC62BCE8400006EEC1D /* ExpensesScreenPresenter.swift */; };
		565A2BC92BCE840B006EEC1D /* InclineScreenAssembly.swift in Sources */ = {isa = PBXBuildFile; fileRef = 565A2BC82BCE840B006EEC1D /* InclineScreenAssembly.swift */; };
		565A2BCB2BCE8410006EEC1D /* InclineScreenPresenter.swift in Sources */ = {isa = PBXBuildFile; fileRef = 565A2BCA2BCE8410006EEC1D /* InclineScreenPresenter.swift */; };
		565A2BCD2BCE841B006EEC1D /* MenuScreenAssembly.swift in Sources */ = {isa = PBXBuildFile; fileRef = 565A2BCC2BCE841B006EEC1D /* MenuScreenAssembly.swift */; };
		565A2BCF2BCE8424006EEC1D /* MenuScreenPresenter.swift in Sources */ = {isa = PBXBuildFile; fileRef = 565A2BCE2BCE8424006EEC1D /* MenuScreenPresenter.swift */; };
		565A2BD12BCE87FE006EEC1D /* RegistrationScreenAssembly.swift in Sources */ = {isa = PBXBuildFile; fileRef = 565A2BD02BCE87FE006EEC1D /* RegistrationScreenAssembly.swift */; };
		565A2BD32BCE8807006EEC1D /* RegistrationPresenter.swift in Sources */ = {isa = PBXBuildFile; fileRef = 565A2BD22BCE8807006EEC1D /* RegistrationPresenter.swift */; };
		565A2BD52BCE8C3C006EEC1D /* RegistrationScreenCoordinator.swift in Sources */ = {isa = PBXBuildFile; fileRef = 565A2BD42BCE8C3C006EEC1D /* RegistrationScreenCoordinator.swift */; };
		565A2BDC2BCFD5FF006EEC1D /* DetailScreenPresenter.swift in Sources */ = {isa = PBXBuildFile; fileRef = 565A2BD62BCFD5FF006EEC1D /* DetailScreenPresenter.swift */; };
		565A2BDD2BCFD5FF006EEC1D /* DetailScreenAssembly.swift in Sources */ = {isa = PBXBuildFile; fileRef = 565A2BD72BCFD5FF006EEC1D /* DetailScreenAssembly.swift */; };
		565A2BDE2BCFD5FF006EEC1D /* DetailScreenViewController.swift in Sources */ = {isa = PBXBuildFile; fileRef = 565A2BD82BCFD5FF006EEC1D /* DetailScreenViewController.swift */; };
		5662AC582B663F6000B42751 /* ViewModel.swift in Sources */ = {isa = PBXBuildFile; fileRef = 5662AC572B663F6000B42751 /* ViewModel.swift */; };
		5662AC5A2B66407600B42751 /* NetWorkService.swift in Sources */ = {isa = PBXBuildFile; fileRef = 5662AC592B66407600B42751 /* NetWorkService.swift */; };
		569C03442D58CF430099556F /* NotificationMock.swift in Sources */ = {isa = PBXBuildFile; fileRef = 569C03432D58CF260099556F /* NotificationMock.swift */; };
		569C03462D58CF600099556F /* ManagerDelegateMock.swift in Sources */ = {isa = PBXBuildFile; fileRef = 569C03452D58CF540099556F /* ManagerDelegateMock.swift */; };
		56A7B8552B1E557F0022FC86 /* SceneDelegate.swift in Sources */ = {isa = PBXBuildFile; fileRef = 56A7B8542B1E557F0022FC86 /* SceneDelegate.swift */; };
		56A7B8572B1E557F0022FC86 /* ViewController.swift in Sources */ = {isa = PBXBuildFile; fileRef = 56A7B8562B1E557F0022FC86 /* ViewController.swift */; };
		56A7B85C2B1E55810022FC86 /* Assets.xcassets in Resources */ = {isa = PBXBuildFile; fileRef = 56A7B85B2B1E55810022FC86 /* Assets.xcassets */; };
		56A7B85F2B1E55810022FC86 /* LaunchScreen.storyboard in Resources */ = {isa = PBXBuildFile; fileRef = 56A7B85D2B1E55810022FC86 /* LaunchScreen.storyboard */; };
		56A7B8692B1F984E0022FC86 /* MyNotification.swift in Sources */ = {isa = PBXBuildFile; fileRef = 56A7B8682B1F984E0022FC86 /* MyNotification.swift */; };
		56A7B86D2B1F99180022FC86 /* Manager.swift in Sources */ = {isa = PBXBuildFile; fileRef = 56A7B86C2B1F99180022FC86 /* Manager.swift */; };
		56A7B86F2B2238E70022FC86 /* MenuViewController.swift in Sources */ = {isa = PBXBuildFile; fileRef = 56A7B86E2B2238E70022FC86 /* MenuViewController.swift */; };
		56B6935A2BB972E1004D99C0 /* GoogleService-Info.plist in Resources */ = {isa = PBXBuildFile; fileRef = 56B693592BB972E1004D99C0 /* GoogleService-Info.plist */; };
		56C3F7762BB94E7D005D3AD2 /* RegisterViewController.swift in Sources */ = {isa = PBXBuildFile; fileRef = 56C3F7752BB94E7D005D3AD2 /* RegisterViewController.swift */; };
		56CFDFDA2B25A7BC00FC4F98 /* EditableTableViewCell.swift in Sources */ = {isa = PBXBuildFile; fileRef = 56CFDFD92B25A7BC00FC4F98 /* EditableTableViewCell.swift */; };
		56E99BCD2C80D236002F1FD8 /* MainViewControllerMock.swift in Sources */ = {isa = PBXBuildFile; fileRef = 56E99BCC2C80D236002F1FD8 /* MainViewControllerMock.swift */; };
		56E99BCF2C80D8FC002F1FD8 /* MainScreenCoordinatorMock.swift in Sources */ = {isa = PBXBuildFile; fileRef = 56E99BCE2C80D8FC002F1FD8 /* MainScreenCoordinatorMock.swift */; };
		56E99BD12C80D9D2002F1FD8 /* ViewModelMock.swift in Sources */ = {isa = PBXBuildFile; fileRef = 56E99BD02C80D9D2002F1FD8 /* ViewModelMock.swift */; };
		56E99BD32C80E1A9002F1FD8 /* StorageServiceMock.swift in Sources */ = {isa = PBXBuildFile; fileRef = 56E99BD22C80E1A9002F1FD8 /* StorageServiceMock.swift */; };
		56E99BD52C80EF68002F1FD8 /* MainScreenPresenterMock.swift in Sources */ = {isa = PBXBuildFile; fileRef = 56E99BD42C80EF68002F1FD8 /* MainScreenPresenterMock.swift */; };
		56E99BD72C8227C9002F1FD8 /* MainScreenPresenterTests.swift in Sources */ = {isa = PBXBuildFile; fileRef = 56E99BD62C8227C9002F1FD8 /* MainScreenPresenterTests.swift */; };
		56E99BD92C82284E002F1FD8 /* DetailScreenPresenterTests.swift in Sources */ = {isa = PBXBuildFile; fileRef = 56E99BD82C82284E002F1FD8 /* DetailScreenPresenterTests.swift */; };
		56E99BDB2C82286A002F1FD8 /* MenuScreenPresenterTests.swift in Sources */ = {isa = PBXBuildFile; fileRef = 56E99BDA2C82286A002F1FD8 /* MenuScreenPresenterTests.swift */; };
		56E99BDD2C822896002F1FD8 /* UserScreenPresenterTests.swift in Sources */ = {isa = PBXBuildFile; fileRef = 56E99BDC2C822896002F1FD8 /* UserScreenPresenterTests.swift */; };
		56E99BDF2C8228B8002F1FD8 /* ExpensesScreenPresenterTests.swift in Sources */ = {isa = PBXBuildFile; fileRef = 56E99BDE2C8228B8002F1FD8 /* ExpensesScreenPresenterTests.swift */; };
		56E99BE12C8228CD002F1FD8 /* IncomeScreenPresenterTests.swift in Sources */ = {isa = PBXBuildFile; fileRef = 56E99BE02C8228CD002F1FD8 /* IncomeScreenPresenterTests.swift */; };
		56E99BE32C82290D002F1FD8 /* RegistrationScreenPresenterTests.swift in Sources */ = {isa = PBXBuildFile; fileRef = 56E99BE22C82290C002F1FD8 /* RegistrationScreenPresenterTests.swift */; };
		56E99BE52C82294C002F1FD8 /* RegistrationScreenCoordinatorTests.swift in Sources */ = {isa = PBXBuildFile; fileRef = 56E99BE42C82294C002F1FD8 /* RegistrationScreenCoordinatorTests.swift */; };
		56E99BE72C822963002F1FD8 /* MainScreenCoordinatorTests.swift in Sources */ = {isa = PBXBuildFile; fileRef = 56E99BE62C822963002F1FD8 /* MainScreenCoordinatorTests.swift */; };
		56E99BED2C822C52002F1FD8 /* RegistrationScreenCoordinatorMock.swift in Sources */ = {isa = PBXBuildFile; fileRef = 56E99BEC2C822C52002F1FD8 /* RegistrationScreenCoordinatorMock.swift */; };
		56E99BF32C88B073002F1FD8 /* RegistrationScreenAssemblyMock.swift in Sources */ = {isa = PBXBuildFile; fileRef = 56E99BF22C88B073002F1FD8 /* RegistrationScreenAssemblyMock.swift */; };
		56E99BF52C88B3C2002F1FD8 /* RegistrationScreenControllerMock.swift in Sources */ = {isa = PBXBuildFile; fileRef = 56E99BF42C88B3C2002F1FD8 /* RegistrationScreenControllerMock.swift */; };
		56E99BF72C88DC3C002F1FD8 /* RegistarationScreenAssemblyTests.swift in Sources */ = {isa = PBXBuildFile; fileRef = 56E99BF62C88DC3C002F1FD8 /* RegistarationScreenAssemblyTests.swift */; };
		56E99BF92C88DCEF002F1FD8 /* RegistrationScreenPresenterMock.swift in Sources */ = {isa = PBXBuildFile; fileRef = 56E99BF82C88DCEF002F1FD8 /* RegistrationScreenPresenterMock.swift */; };
		56E99BFB2C8C75F7002F1FD8 /* ManagerMock.swift in Sources */ = {isa = PBXBuildFile; fileRef = 56E99BFA2C8C75F7002F1FD8 /* ManagerMock.swift */; };
		56E99BFD2C8DF9FF002F1FD8 /* MyClass.swift in Sources */ = {isa = PBXBuildFile; fileRef = 56E99BFC2C8DF9FF002F1FD8 /* MyClass.swift */; };
		56E99BFF2C8E0275002F1FD8 /* SomePresenter.swift in Sources */ = {isa = PBXBuildFile; fileRef = 56E99BFE2C8E0275002F1FD8 /* SomePresenter.swift */; };
		56E99C012C8E03C7002F1FD8 /* SomePresenterMock.swift in Sources */ = {isa = PBXBuildFile; fileRef = 56E99C002C8E03C7002F1FD8 /* SomePresenterMock.swift */; };
		56E99C032C956FCE002F1FD8 /* EditableTableViewCellMock.swift in Sources */ = {isa = PBXBuildFile; fileRef = 56E99C022C956FCE002F1FD8 /* EditableTableViewCellMock.swift */; };
		56E99C052C970D3B002F1FD8 /* AppCoordinatorMock.swift in Sources */ = {isa = PBXBuildFile; fileRef = 56E99C042C970D3B002F1FD8 /* AppCoordinatorMock.swift */; };
		56E99C072C972B2D002F1FD8 /* MainScreenAssemblyMock.swift in Sources */ = {isa = PBXBuildFile; fileRef = 56E99C062C972B2D002F1FD8 /* MainScreenAssemblyMock.swift */; };
		56E99C092C973846002F1FD8 /* DetailScreenPresenterMock.swift in Sources */ = {isa = PBXBuildFile; fileRef = 56E99C082C973846002F1FD8 /* DetailScreenPresenterMock.swift */; };
		56E99C0B2C973861002F1FD8 /* DetailScreenAssemblyMock.swift in Sources */ = {isa = PBXBuildFile; fileRef = 56E99C0A2C973861002F1FD8 /* DetailScreenAssemblyMock.swift */; };
		56E99C0D2C973877002F1FD8 /* DetailViewControllerMock.swift in Sources */ = {isa = PBXBuildFile; fileRef = 56E99C0C2C973877002F1FD8 /* DetailViewControllerMock.swift */; };
		56E99C0F2C973898002F1FD8 /* MenuScreenAssemblyMock.swift in Sources */ = {isa = PBXBuildFile; fileRef = 56E99C0E2C973898002F1FD8 /* MenuScreenAssemblyMock.swift */; };
		56E99C112C9738A8002F1FD8 /* MenuViewControllerMock.swift in Sources */ = {isa = PBXBuildFile; fileRef = 56E99C102C9738A8002F1FD8 /* MenuViewControllerMock.swift */; };
		56E99C132C9738B7002F1FD8 /* MenuScreenPresenterMock.swift in Sources */ = {isa = PBXBuildFile; fileRef = 56E99C122C9738B7002F1FD8 /* MenuScreenPresenterMock.swift */; };
		56E99C152C9738CE002F1FD8 /* UserScreenAssemblyMock.swift in Sources */ = {isa = PBXBuildFile; fileRef = 56E99C142C9738CE002F1FD8 /* UserScreenAssemblyMock.swift */; };
		56E99C172C9738DE002F1FD8 /* UserScreenViewControllerMock.swift in Sources */ = {isa = PBXBuildFile; fileRef = 56E99C162C9738DE002F1FD8 /* UserScreenViewControllerMock.swift */; };
		56E99C192C9738EF002F1FD8 /* UserScreenPresenterMock.swift in Sources */ = {isa = PBXBuildFile; fileRef = 56E99C182C9738EF002F1FD8 /* UserScreenPresenterMock.swift */; };
		56E99C1B2C973912002F1FD8 /* ExpensesScreenAssemblyMock.swift in Sources */ = {isa = PBXBuildFile; fileRef = 56E99C1A2C973912002F1FD8 /* ExpensesScreenAssemblyMock.swift */; };
		56E99C1D2C973927002F1FD8 /* ExpensesScreenViewControllerMock.swift in Sources */ = {isa = PBXBuildFile; fileRef = 56E99C1C2C973927002F1FD8 /* ExpensesScreenViewControllerMock.swift */; };
		56E99C1F2C973938002F1FD8 /* ExpensesScreenPresenterMock.swift in Sources */ = {isa = PBXBuildFile; fileRef = 56E99C1E2C973938002F1FD8 /* ExpensesScreenPresenterMock.swift */; };
		56E99C212C973951002F1FD8 /* InclineScreenAssemblyMock.swift in Sources */ = {isa = PBXBuildFile; fileRef = 56E99C202C973951002F1FD8 /* InclineScreenAssemblyMock.swift */; };
		56E99C232C97396C002F1FD8 /* InclineScreenViewControllerMock.swift in Sources */ = {isa = PBXBuildFile; fileRef = 56E99C222C97396C002F1FD8 /* InclineScreenViewControllerMock.swift */; };
		56E99C252C973981002F1FD8 /* InclineScreenPresenterMock.swift in Sources */ = {isa = PBXBuildFile; fileRef = 56E99C242C973981002F1FD8 /* InclineScreenPresenterMock.swift */; };
/* End PBXBuildFile section */

/* Begin PBXContainerItemProxy section */
		56E99BC62C80D1D4002F1FD8 /* PBXContainerItemProxy */ = {
			isa = PBXContainerItemProxy;
			containerPortal = 56A7B8472B1E557F0022FC86 /* Project object */;
			proxyType = 1;
			remoteGlobalIDString = 56A7B84E2B1E557F0022FC86;
			remoteInfo = NotificationProject;
		};
/* End PBXContainerItemProxy section */

/* Begin PBXFileReference section */
		560714322CB44D93002053CA /* RegistrationScreenViewControllerTests.swift */ = {isa = PBXFileReference; lastKnownFileType = sourcecode.swift; path = RegistrationScreenViewControllerTests.swift; sourceTree = "<group>"; };
		560F99222E7FF26500AEEA76 /* OnboardingCoordinator.swift */ = {isa = PBXFileReference; lastKnownFileType = sourcecode.swift; path = OnboardingCoordinator.swift; sourceTree = "<group>"; };
		560F99242E7FF2AD00AEEA76 /* OnboardingViewController.swift */ = {isa = PBXFileReference; lastKnownFileType = sourcecode.swift; path = OnboardingViewController.swift; sourceTree = "<group>"; };
		56217BE52B9325AB00843672 /* Offsets.swift */ = {isa = PBXFileReference; lastKnownFileType = sourcecode.swift; path = Offsets.swift; sourceTree = "<group>"; };
		56217BE72B94763800843672 /* Insets.swift */ = {isa = PBXFileReference; lastKnownFileType = sourcecode.swift; path = Insets.swift; sourceTree = "<group>"; };
		56217BEB2BAB516F00843672 /* UserScreenViewController.swift */ = {isa = PBXFileReference; lastKnownFileType = sourcecode.swift; path = UserScreenViewController.swift; sourceTree = "<group>"; };
		56217BED2BACA74D00843672 /* InclineScreenViewController.swift */ = {isa = PBXFileReference; lastKnownFileType = sourcecode.swift; path = InclineScreenViewController.swift; sourceTree = "<group>"; };
		56217BEF2BACA76000843672 /* ExpensesScreenViewController.swift */ = {isa = PBXFileReference; lastKnownFileType = sourcecode.swift; path = ExpensesScreenViewController.swift; sourceTree = "<group>"; };
		5622BF892BCDA36C00946446 /* AppDelegate.swift */ = {isa = PBXFileReference; fileEncoding = 4; lastKnownFileType = sourcecode.swift; path = AppDelegate.swift; sourceTree = "<group>"; };
		563C03CE2B3B5C24009F2811 /* Rectangle.swift */ = {isa = PBXFileReference; lastKnownFileType = sourcecode.swift; path = Rectangle.swift; sourceTree = "<group>"; };
		563C03D02B3B5CC9009F2811 /* BurgerMenu.swift */ = {isa = PBXFileReference; lastKnownFileType = sourcecode.swift; path = BurgerMenu.swift; sourceTree = "<group>"; };
		564C32A62CE9D450002D46B7 /* ManagerTests.swift */ = {isa = PBXFileReference; lastKnownFileType = sourcecode.swift; path = ManagerTests.swift; sourceTree = "<group>"; };
		564D89B82BBF229B002B14DF /* StorageService.swift */ = {isa = PBXFileReference; fileEncoding = 4; lastKnownFileType = sourcecode.swift; path = StorageService.swift; sourceTree = "<group>"; };
		564D89BC2BBF2401002B14DF /* MainScreenCoordinator.swift */ = {isa = PBXFileReference; fileEncoding = 4; lastKnownFileType = sourcecode.swift; path = MainScreenCoordinator.swift; sourceTree = "<group>"; };
		564D89BE2BBF240A002B14DF /* MainScreenAssembly.swift */ = {isa = PBXFileReference; fileEncoding = 4; lastKnownFileType = sourcecode.swift; path = MainScreenAssembly.swift; sourceTree = "<group>"; };
		564D89C02BBF2410002B14DF /* MainScreenController.swift */ = {isa = PBXFileReference; fileEncoding = 4; lastKnownFileType = sourcecode.swift; path = MainScreenController.swift; sourceTree = "<group>"; };
		564D89C22BBF2416002B14DF /* MainScreenPresenter.swift */ = {isa = PBXFileReference; fileEncoding = 4; lastKnownFileType = sourcecode.swift; path = MainScreenPresenter.swift; sourceTree = "<group>"; };
		564D89CC2BCAB289002B14DF /* AppCoordinator.swift */ = {isa = PBXFileReference; lastKnownFileType = sourcecode.swift; path = AppCoordinator.swift; sourceTree = "<group>"; };
		565A2BC02BCE83D1006EEC1D /* UserScreenAssembly.swift */ = {isa = PBXFileReference; fileEncoding = 4; lastKnownFileType = sourcecode.swift; path = UserScreenAssembly.swift; sourceTree = "<group>"; };
		565A2BC22BCE83D9006EEC1D /* UserScreenPresenter.swift */ = {isa = PBXFileReference; fileEncoding = 4; lastKnownFileType = sourcecode.swift; path = UserScreenPresenter.swift; sourceTree = "<group>"; };
		565A2BC42BCE83F8006EEC1D /* ExpensesScreenAssembly.swift */ = {isa = PBXFileReference; fileEncoding = 4; lastKnownFileType = sourcecode.swift; path = ExpensesScreenAssembly.swift; sourceTree = "<group>"; };
		565A2BC62BCE8400006EEC1D /* ExpensesScreenPresenter.swift */ = {isa = PBXFileReference; fileEncoding = 4; lastKnownFileType = sourcecode.swift; path = ExpensesScreenPresenter.swift; sourceTree = "<group>"; };
		565A2BC82BCE840B006EEC1D /* InclineScreenAssembly.swift */ = {isa = PBXFileReference; fileEncoding = 4; lastKnownFileType = sourcecode.swift; path = InclineScreenAssembly.swift; sourceTree = "<group>"; };
		565A2BCA2BCE8410006EEC1D /* InclineScreenPresenter.swift */ = {isa = PBXFileReference; fileEncoding = 4; lastKnownFileType = sourcecode.swift; path = InclineScreenPresenter.swift; sourceTree = "<group>"; };
		565A2BCC2BCE841B006EEC1D /* MenuScreenAssembly.swift */ = {isa = PBXFileReference; fileEncoding = 4; lastKnownFileType = sourcecode.swift; path = MenuScreenAssembly.swift; sourceTree = "<group>"; };
		565A2BCE2BCE8424006EEC1D /* MenuScreenPresenter.swift */ = {isa = PBXFileReference; fileEncoding = 4; lastKnownFileType = sourcecode.swift; path = MenuScreenPresenter.swift; sourceTree = "<group>"; };
		565A2BD02BCE87FE006EEC1D /* RegistrationScreenAssembly.swift */ = {isa = PBXFileReference; fileEncoding = 4; lastKnownFileType = sourcecode.swift; path = RegistrationScreenAssembly.swift; sourceTree = "<group>"; };
		565A2BD22BCE8807006EEC1D /* RegistrationPresenter.swift */ = {isa = PBXFileReference; fileEncoding = 4; lastKnownFileType = sourcecode.swift; path = RegistrationPresenter.swift; sourceTree = "<group>"; };
		565A2BD42BCE8C3C006EEC1D /* RegistrationScreenCoordinator.swift */ = {isa = PBXFileReference; lastKnownFileType = sourcecode.swift; path = RegistrationScreenCoordinator.swift; sourceTree = "<group>"; };
		565A2BD62BCFD5FF006EEC1D /* DetailScreenPresenter.swift */ = {isa = PBXFileReference; fileEncoding = 4; lastKnownFileType = sourcecode.swift; path = DetailScreenPresenter.swift; sourceTree = "<group>"; };
		565A2BD72BCFD5FF006EEC1D /* DetailScreenAssembly.swift */ = {isa = PBXFileReference; fileEncoding = 4; lastKnownFileType = sourcecode.swift; path = DetailScreenAssembly.swift; sourceTree = "<group>"; };
		565A2BD82BCFD5FF006EEC1D /* DetailScreenViewController.swift */ = {isa = PBXFileReference; fileEncoding = 4; lastKnownFileType = sourcecode.swift; path = DetailScreenViewController.swift; sourceTree = "<group>"; };
		5662AC572B663F6000B42751 /* ViewModel.swift */ = {isa = PBXFileReference; lastKnownFileType = sourcecode.swift; path = ViewModel.swift; sourceTree = "<group>"; };
		5662AC592B66407600B42751 /* NetWorkService.swift */ = {isa = PBXFileReference; lastKnownFileType = sourcecode.swift; path = NetWorkService.swift; sourceTree = "<group>"; };
		569C03432D58CF260099556F /* NotificationMock.swift */ = {isa = PBXFileReference; lastKnownFileType = sourcecode.swift; path = NotificationMock.swift; sourceTree = "<group>"; };
		569C03452D58CF540099556F /* ManagerDelegateMock.swift */ = {isa = PBXFileReference; lastKnownFileType = sourcecode.swift; path = ManagerDelegateMock.swift; sourceTree = "<group>"; };
		56A7B84F2B1E557F0022FC86 /* NotificationProject.app */ = {isa = PBXFileReference; explicitFileType = wrapper.application; includeInIndex = 0; path = NotificationProject.app; sourceTree = BUILT_PRODUCTS_DIR; };
		56A7B8542B1E557F0022FC86 /* SceneDelegate.swift */ = {isa = PBXFileReference; lastKnownFileType = sourcecode.swift; path = SceneDelegate.swift; sourceTree = "<group>"; };
		56A7B8562B1E557F0022FC86 /* ViewController.swift */ = {isa = PBXFileReference; lastKnownFileType = sourcecode.swift; path = ViewController.swift; sourceTree = "<group>"; };
		56A7B85B2B1E55810022FC86 /* Assets.xcassets */ = {isa = PBXFileReference; lastKnownFileType = folder.assetcatalog; path = Assets.xcassets; sourceTree = "<group>"; };
		56A7B85E2B1E55810022FC86 /* Base */ = {isa = PBXFileReference; lastKnownFileType = file.storyboard; name = Base; path = Base.lproj/LaunchScreen.storyboard; sourceTree = "<group>"; };
		56A7B8602B1E55810022FC86 /* Info.plist */ = {isa = PBXFileReference; lastKnownFileType = text.plist.xml; path = Info.plist; sourceTree = "<group>"; };
		56A7B8682B1F984E0022FC86 /* MyNotification.swift */ = {isa = PBXFileReference; lastKnownFileType = sourcecode.swift; path = MyNotification.swift; sourceTree = "<group>"; };
		56A7B86C2B1F99180022FC86 /* Manager.swift */ = {isa = PBXFileReference; lastKnownFileType = sourcecode.swift; path = Manager.swift; sourceTree = "<group>"; };
		56A7B86E2B2238E70022FC86 /* MenuViewController.swift */ = {isa = PBXFileReference; lastKnownFileType = sourcecode.swift; path = MenuViewController.swift; sourceTree = "<group>"; };
		56B693592BB972E1004D99C0 /* GoogleService-Info.plist */ = {isa = PBXFileReference; fileEncoding = 4; lastKnownFileType = text.plist.xml; path = "GoogleService-Info.plist"; sourceTree = "<group>"; };
		56C3F7752BB94E7D005D3AD2 /* RegisterViewController.swift */ = {isa = PBXFileReference; lastKnownFileType = sourcecode.swift; path = RegisterViewController.swift; sourceTree = "<group>"; };
		56CFDFD92B25A7BC00FC4F98 /* EditableTableViewCell.swift */ = {isa = PBXFileReference; lastKnownFileType = sourcecode.swift; path = EditableTableViewCell.swift; sourceTree = "<group>"; };
		56E99BC22C80D1D4002F1FD8 /* NotificationProjectTests.xctest */ = {isa = PBXFileReference; explicitFileType = wrapper.cfbundle; includeInIndex = 0; path = NotificationProjectTests.xctest; sourceTree = BUILT_PRODUCTS_DIR; };
		56E99BCC2C80D236002F1FD8 /* MainViewControllerMock.swift */ = {isa = PBXFileReference; lastKnownFileType = sourcecode.swift; path = MainViewControllerMock.swift; sourceTree = "<group>"; };
		56E99BCE2C80D8FC002F1FD8 /* MainScreenCoordinatorMock.swift */ = {isa = PBXFileReference; lastKnownFileType = sourcecode.swift; path = MainScreenCoordinatorMock.swift; sourceTree = "<group>"; };
		56E99BD02C80D9D2002F1FD8 /* ViewModelMock.swift */ = {isa = PBXFileReference; lastKnownFileType = sourcecode.swift; path = ViewModelMock.swift; sourceTree = "<group>"; };
		56E99BD22C80E1A9002F1FD8 /* StorageServiceMock.swift */ = {isa = PBXFileReference; lastKnownFileType = sourcecode.swift; path = StorageServiceMock.swift; sourceTree = "<group>"; };
		56E99BD42C80EF68002F1FD8 /* MainScreenPresenterMock.swift */ = {isa = PBXFileReference; lastKnownFileType = sourcecode.swift; path = MainScreenPresenterMock.swift; sourceTree = "<group>"; };
		56E99BD62C8227C9002F1FD8 /* MainScreenPresenterTests.swift */ = {isa = PBXFileReference; lastKnownFileType = sourcecode.swift; path = MainScreenPresenterTests.swift; sourceTree = "<group>"; };
		56E99BD82C82284E002F1FD8 /* DetailScreenPresenterTests.swift */ = {isa = PBXFileReference; lastKnownFileType = sourcecode.swift; path = DetailScreenPresenterTests.swift; sourceTree = "<group>"; };
		56E99BDA2C82286A002F1FD8 /* MenuScreenPresenterTests.swift */ = {isa = PBXFileReference; lastKnownFileType = sourcecode.swift; path = MenuScreenPresenterTests.swift; sourceTree = "<group>"; };
		56E99BDC2C822896002F1FD8 /* UserScreenPresenterTests.swift */ = {isa = PBXFileReference; lastKnownFileType = sourcecode.swift; path = UserScreenPresenterTests.swift; sourceTree = "<group>"; };
		56E99BDE2C8228B8002F1FD8 /* ExpensesScreenPresenterTests.swift */ = {isa = PBXFileReference; lastKnownFileType = sourcecode.swift; path = ExpensesScreenPresenterTests.swift; sourceTree = "<group>"; };
		56E99BE02C8228CD002F1FD8 /* IncomeScreenPresenterTests.swift */ = {isa = PBXFileReference; lastKnownFileType = sourcecode.swift; path = IncomeScreenPresenterTests.swift; sourceTree = "<group>"; };
		56E99BE22C82290C002F1FD8 /* RegistrationScreenPresenterTests.swift */ = {isa = PBXFileReference; lastKnownFileType = sourcecode.swift; path = RegistrationScreenPresenterTests.swift; sourceTree = "<group>"; };
		56E99BE42C82294C002F1FD8 /* RegistrationScreenCoordinatorTests.swift */ = {isa = PBXFileReference; lastKnownFileType = sourcecode.swift; path = RegistrationScreenCoordinatorTests.swift; sourceTree = "<group>"; };
		56E99BE62C822963002F1FD8 /* MainScreenCoordinatorTests.swift */ = {isa = PBXFileReference; lastKnownFileType = sourcecode.swift; path = MainScreenCoordinatorTests.swift; sourceTree = "<group>"; };
		56E99BEC2C822C52002F1FD8 /* RegistrationScreenCoordinatorMock.swift */ = {isa = PBXFileReference; lastKnownFileType = sourcecode.swift; path = RegistrationScreenCoordinatorMock.swift; sourceTree = "<group>"; };
		56E99BF22C88B073002F1FD8 /* RegistrationScreenAssemblyMock.swift */ = {isa = PBXFileReference; lastKnownFileType = sourcecode.swift; path = RegistrationScreenAssemblyMock.swift; sourceTree = "<group>"; };
		56E99BF42C88B3C2002F1FD8 /* RegistrationScreenControllerMock.swift */ = {isa = PBXFileReference; lastKnownFileType = sourcecode.swift; path = RegistrationScreenControllerMock.swift; sourceTree = "<group>"; };
		56E99BF62C88DC3C002F1FD8 /* RegistarationScreenAssemblyTests.swift */ = {isa = PBXFileReference; lastKnownFileType = sourcecode.swift; path = RegistarationScreenAssemblyTests.swift; sourceTree = "<group>"; };
		56E99BF82C88DCEF002F1FD8 /* RegistrationScreenPresenterMock.swift */ = {isa = PBXFileReference; lastKnownFileType = sourcecode.swift; path = RegistrationScreenPresenterMock.swift; sourceTree = "<group>"; };
		56E99BFA2C8C75F7002F1FD8 /* ManagerMock.swift */ = {isa = PBXFileReference; lastKnownFileType = sourcecode.swift; path = ManagerMock.swift; sourceTree = "<group>"; };
		56E99BFC2C8DF9FF002F1FD8 /* MyClass.swift */ = {isa = PBXFileReference; lastKnownFileType = sourcecode.swift; path = MyClass.swift; sourceTree = "<group>"; };
		56E99BFE2C8E0275002F1FD8 /* SomePresenter.swift */ = {isa = PBXFileReference; lastKnownFileType = sourcecode.swift; path = SomePresenter.swift; sourceTree = "<group>"; };
		56E99C002C8E03C7002F1FD8 /* SomePresenterMock.swift */ = {isa = PBXFileReference; lastKnownFileType = sourcecode.swift; path = SomePresenterMock.swift; sourceTree = "<group>"; };
		56E99C022C956FCE002F1FD8 /* EditableTableViewCellMock.swift */ = {isa = PBXFileReference; lastKnownFileType = sourcecode.swift; path = EditableTableViewCellMock.swift; sourceTree = "<group>"; };
		56E99C042C970D3B002F1FD8 /* AppCoordinatorMock.swift */ = {isa = PBXFileReference; lastKnownFileType = sourcecode.swift; path = AppCoordinatorMock.swift; sourceTree = "<group>"; };
		56E99C062C972B2D002F1FD8 /* MainScreenAssemblyMock.swift */ = {isa = PBXFileReference; lastKnownFileType = sourcecode.swift; path = MainScreenAssemblyMock.swift; sourceTree = "<group>"; };
		56E99C082C973846002F1FD8 /* DetailScreenPresenterMock.swift */ = {isa = PBXFileReference; lastKnownFileType = sourcecode.swift; path = DetailScreenPresenterMock.swift; sourceTree = "<group>"; };
		56E99C0A2C973861002F1FD8 /* DetailScreenAssemblyMock.swift */ = {isa = PBXFileReference; lastKnownFileType = sourcecode.swift; path = DetailScreenAssemblyMock.swift; sourceTree = "<group>"; };
		56E99C0C2C973877002F1FD8 /* DetailViewControllerMock.swift */ = {isa = PBXFileReference; lastKnownFileType = sourcecode.swift; path = DetailViewControllerMock.swift; sourceTree = "<group>"; };
		56E99C0E2C973898002F1FD8 /* MenuScreenAssemblyMock.swift */ = {isa = PBXFileReference; lastKnownFileType = sourcecode.swift; path = MenuScreenAssemblyMock.swift; sourceTree = "<group>"; };
		56E99C102C9738A8002F1FD8 /* MenuViewControllerMock.swift */ = {isa = PBXFileReference; lastKnownFileType = sourcecode.swift; path = MenuViewControllerMock.swift; sourceTree = "<group>"; };
		56E99C122C9738B7002F1FD8 /* MenuScreenPresenterMock.swift */ = {isa = PBXFileReference; lastKnownFileType = sourcecode.swift; path = MenuScreenPresenterMock.swift; sourceTree = "<group>"; };
		56E99C142C9738CE002F1FD8 /* UserScreenAssemblyMock.swift */ = {isa = PBXFileReference; lastKnownFileType = sourcecode.swift; path = UserScreenAssemblyMock.swift; sourceTree = "<group>"; };
		56E99C162C9738DE002F1FD8 /* UserScreenViewControllerMock.swift */ = {isa = PBXFileReference; lastKnownFileType = sourcecode.swift; path = UserScreenViewControllerMock.swift; sourceTree = "<group>"; };
		56E99C182C9738EF002F1FD8 /* UserScreenPresenterMock.swift */ = {isa = PBXFileReference; lastKnownFileType = sourcecode.swift; path = UserScreenPresenterMock.swift; sourceTree = "<group>"; };
		56E99C1A2C973912002F1FD8 /* ExpensesScreenAssemblyMock.swift */ = {isa = PBXFileReference; lastKnownFileType = sourcecode.swift; path = ExpensesScreenAssemblyMock.swift; sourceTree = "<group>"; };
		56E99C1C2C973927002F1FD8 /* ExpensesScreenViewControllerMock.swift */ = {isa = PBXFileReference; lastKnownFileType = sourcecode.swift; path = ExpensesScreenViewControllerMock.swift; sourceTree = "<group>"; };
		56E99C1E2C973938002F1FD8 /* ExpensesScreenPresenterMock.swift */ = {isa = PBXFileReference; lastKnownFileType = sourcecode.swift; path = ExpensesScreenPresenterMock.swift; sourceTree = "<group>"; };
		56E99C202C973951002F1FD8 /* InclineScreenAssemblyMock.swift */ = {isa = PBXFileReference; lastKnownFileType = sourcecode.swift; path = InclineScreenAssemblyMock.swift; sourceTree = "<group>"; };
		56E99C222C97396C002F1FD8 /* InclineScreenViewControllerMock.swift */ = {isa = PBXFileReference; lastKnownFileType = sourcecode.swift; path = InclineScreenViewControllerMock.swift; sourceTree = "<group>"; };
		56E99C242C973981002F1FD8 /* InclineScreenPresenterMock.swift */ = {isa = PBXFileReference; lastKnownFileType = sourcecode.swift; path = InclineScreenPresenterMock.swift; sourceTree = "<group>"; };
		749444232832201744575B9A /* Pods_NotificationProject.framework */ = {isa = PBXFileReference; explicitFileType = wrapper.framework; includeInIndex = 0; path = Pods_NotificationProject.framework; sourceTree = BUILT_PRODUCTS_DIR; };
		8373792C668F335596919346 /* Pods-NotificationProject.release.xcconfig */ = {isa = PBXFileReference; includeInIndex = 1; lastKnownFileType = text.xcconfig; name = "Pods-NotificationProject.release.xcconfig"; path = "Target Support Files/Pods-NotificationProject/Pods-NotificationProject.release.xcconfig"; sourceTree = "<group>"; };
		EE0DDAF84218D8E038FA6783 /* Pods-NotificationProject.debug.xcconfig */ = {isa = PBXFileReference; includeInIndex = 1; lastKnownFileType = text.xcconfig; name = "Pods-NotificationProject.debug.xcconfig"; path = "Target Support Files/Pods-NotificationProject/Pods-NotificationProject.debug.xcconfig"; sourceTree = "<group>"; };
/* End PBXFileReference section */

/* Begin PBXFrameworksBuildPhase section */
		56A7B84C2B1E557F0022FC86 /* Frameworks */ = {
			isa = PBXFrameworksBuildPhase;
			buildActionMask = 2147483647;
			files = (
				358FDF1D5DBFDCCDB10EDEFA /* Pods_NotificationProject.framework in Frameworks */,
			);
			runOnlyForDeploymentPostprocessing = 0;
		};
		56E99BBF2C80D1D4002F1FD8 /* Frameworks */ = {
			isa = PBXFrameworksBuildPhase;
			buildActionMask = 2147483647;
			files = (
			);
			runOnlyForDeploymentPostprocessing = 0;
		};
/* End PBXFrameworksBuildPhase section */

/* Begin PBXGroup section */
		42751079999985672FD703D5 /* Frameworks */ = {
			isa = PBXGroup;
			children = (
				749444232832201744575B9A /* Pods_NotificationProject.framework */,
			);
			name = Frameworks;
			sourceTree = "<group>";
		};
		431935CB6964AD7B1552EDF5 /* Pods */ = {
			isa = PBXGroup;
			children = (
				EE0DDAF84218D8E038FA6783 /* Pods-NotificationProject.debug.xcconfig */,
				8373792C668F335596919346 /* Pods-NotificationProject.release.xcconfig */,
			);
			path = Pods;
			sourceTree = "<group>";
		};
		560F99212E7FF1AC00AEEA76 /* OnboardingCoordinator */ = {
			isa = PBXGroup;
			children = (
				560F99222E7FF26500AEEA76 /* OnboardingCoordinator.swift */,
				560F99242E7FF2AD00AEEA76 /* OnboardingViewController.swift */,
			);
			path = OnboardingCoordinator;
			sourceTree = "<group>";
		};
		56495F592CD762D6001E1127 /* Services */ = {
			isa = PBXGroup;
			children = (
				564C32A62CE9D450002D46B7 /* ManagerTests.swift */,
			);
			path = Services;
			sourceTree = "<group>";
		};
		564D89B32BBF1EC9002B14DF /* Services */ = {
			isa = PBXGroup;
			children = (
				56A7B86C2B1F99180022FC86 /* Manager.swift */,
				5662AC592B66407600B42751 /* NetWorkService.swift */,
				564D89B82BBF229B002B14DF /* StorageService.swift */,
				56E99BFC2C8DF9FF002F1FD8 /* MyClass.swift */,
				56E99BFE2C8E0275002F1FD8 /* SomePresenter.swift */,
			);
			path = Services;
			sourceTree = "<group>";
		};
		564D89B62BBF1F45002B14DF /* MainScreen */ = {
			isa = PBXGroup;
			children = (
				564D89BC2BBF2401002B14DF /* MainScreenCoordinator.swift */,
				564D89BE2BBF240A002B14DF /* MainScreenAssembly.swift */,
				564D89C02BBF2410002B14DF /* MainScreenController.swift */,
				564D89C22BBF2416002B14DF /* MainScreenPresenter.swift */,
			);
			path = MainScreen;
			sourceTree = "<group>";
		};
		564D89CB2BBF24BA002B14DF /* AppCoordinator */ = {
			isa = PBXGroup;
			children = (
				564D89CC2BCAB289002B14DF /* AppCoordinator.swift */,
			);
			path = AppCoordinator;
			sourceTree = "<group>";
		};
		565A2BBA2BCE7FCF006EEC1D /* RegistrationScreen */ = {
			isa = PBXGroup;
			children = (
				565A2BD42BCE8C3C006EEC1D /* RegistrationScreenCoordinator.swift */,
				565A2BD02BCE87FE006EEC1D /* RegistrationScreenAssembly.swift */,
				56C3F7752BB94E7D005D3AD2 /* RegisterViewController.swift */,
				565A2BD22BCE8807006EEC1D /* RegistrationPresenter.swift */,
			);
			path = RegistrationScreen;
			sourceTree = "<group>";
		};
		565A2BBB2BCE8295006EEC1D /* MenuScreen */ = {
			isa = PBXGroup;
			children = (
				565A2BCC2BCE841B006EEC1D /* MenuScreenAssembly.swift */,
				56A7B86E2B2238E70022FC86 /* MenuViewController.swift */,
				565A2BCE2BCE8424006EEC1D /* MenuScreenPresenter.swift */,
			);
			path = MenuScreen;
			sourceTree = "<group>";
		};
		565A2BBC2BCE82D6006EEC1D /* Models */ = {
			isa = PBXGroup;
			children = (
				56CFDFD92B25A7BC00FC4F98 /* EditableTableViewCell.swift */,
				5662AC572B663F6000B42751 /* ViewModel.swift */,
				563C03CE2B3B5C24009F2811 /* Rectangle.swift */,
				563C03D02B3B5CC9009F2811 /* BurgerMenu.swift */,
				56A7B8682B1F984E0022FC86 /* MyNotification.swift */,
			);
			path = Models;
			sourceTree = "<group>";
		};
		565A2BBD2BCE8315006EEC1D /* InclineScreen */ = {
			isa = PBXGroup;
			children = (
				565A2BC82BCE840B006EEC1D /* InclineScreenAssembly.swift */,
				56217BED2BACA74D00843672 /* InclineScreenViewController.swift */,
				565A2BCA2BCE8410006EEC1D /* InclineScreenPresenter.swift */,
			);
			path = InclineScreen;
			sourceTree = "<group>";
		};
		565A2BBE2BCE8324006EEC1D /* ExpensesScreen */ = {
			isa = PBXGroup;
			children = (
				565A2BC42BCE83F8006EEC1D /* ExpensesScreenAssembly.swift */,
				56217BEF2BACA76000843672 /* ExpensesScreenViewController.swift */,
				565A2BC62BCE8400006EEC1D /* ExpensesScreenPresenter.swift */,
			);
			path = ExpensesScreen;
			sourceTree = "<group>";
		};
		565A2BBF2BCE8341006EEC1D /* UserScreen */ = {
			isa = PBXGroup;
			children = (
				565A2BC02BCE83D1006EEC1D /* UserScreenAssembly.swift */,
				56217BEB2BAB516F00843672 /* UserScreenViewController.swift */,
				565A2BC22BCE83D9006EEC1D /* UserScreenPresenter.swift */,
			);
			path = UserScreen;
			sourceTree = "<group>";
		};
		565A2BDB2BCFD5FF006EEC1D /* DetailScreen */ = {
			isa = PBXGroup;
			children = (
				565A2BD72BCFD5FF006EEC1D /* DetailScreenAssembly.swift */,
				565A2BD82BCFD5FF006EEC1D /* DetailScreenViewController.swift */,
				565A2BD62BCFD5FF006EEC1D /* DetailScreenPresenter.swift */,
			);
			path = DetailScreen;
			sourceTree = "<group>";
		};
		56A4F39D2B9324F9003D0668 /* Constants */ = {
			isa = PBXGroup;
			children = (
				56217BE52B9325AB00843672 /* Offsets.swift */,
				56217BE72B94763800843672 /* Insets.swift */,
			);
			path = Constants;
			sourceTree = "<group>";
		};
		56A7B8462B1E557F0022FC86 = {
			isa = PBXGroup;
			children = (
				56A7B8512B1E557F0022FC86 /* NotificationProject */,
				56E99BC32C80D1D4002F1FD8 /* NotificationProjectTests */,
				56A7B8502B1E557F0022FC86 /* Products */,
				431935CB6964AD7B1552EDF5 /* Pods */,
				42751079999985672FD703D5 /* Frameworks */,
			);
			sourceTree = "<group>";
		};
		56A7B8502B1E557F0022FC86 /* Products */ = {
			isa = PBXGroup;
			children = (
				56A7B84F2B1E557F0022FC86 /* NotificationProject.app */,
				56E99BC22C80D1D4002F1FD8 /* NotificationProjectTests.xctest */,
			);
			name = Products;
			sourceTree = "<group>";
		};
		56A7B8512B1E557F0022FC86 /* NotificationProject */ = {
			isa = PBXGroup;
			children = (
				5622BF892BCDA36C00946446 /* AppDelegate.swift */,
				56A7B8542B1E557F0022FC86 /* SceneDelegate.swift */,
				564D89B32BBF1EC9002B14DF /* Services */,
				565A2BBC2BCE82D6006EEC1D /* Models */,
				564D89CB2BBF24BA002B14DF /* AppCoordinator */,
				560F99212E7FF1AC00AEEA76 /* OnboardingCoordinator */,
				565A2BBA2BCE7FCF006EEC1D /* RegistrationScreen */,
				564D89B62BBF1F45002B14DF /* MainScreen */,
				565A2BDB2BCFD5FF006EEC1D /* DetailScreen */,
				565A2BBB2BCE8295006EEC1D /* MenuScreen */,
				565A2BBF2BCE8341006EEC1D /* UserScreen */,
				565A2BBE2BCE8324006EEC1D /* ExpensesScreen */,
				565A2BBD2BCE8315006EEC1D /* InclineScreen */,
				56A7B8562B1E557F0022FC86 /* ViewController.swift */,
				56A4F39D2B9324F9003D0668 /* Constants */,
				56A7B85B2B1E55810022FC86 /* Assets.xcassets */,
				56A7B85D2B1E55810022FC86 /* LaunchScreen.storyboard */,
				56A7B8602B1E55810022FC86 /* Info.plist */,
				56B693592BB972E1004D99C0 /* GoogleService-Info.plist */,
			);
			path = NotificationProject;
			sourceTree = "<group>";
		};
		56E99BC32C80D1D4002F1FD8 /* NotificationProjectTests */ = {
			isa = PBXGroup;
			children = (
				56E99BCB2C80D20E002F1FD8 /* Mocks */,
				56495F592CD762D6001E1127 /* Services */,
				56E99BEF2C877A4A002F1FD8 /* RegistrationScreen */,
				56E99BF02C877A4F002F1FD8 /* MainScreen */,
				56E99BEE2C877A3C002F1FD8 /* MenuScreen */,
				56E99BF12C877AC9002F1FD8 /* DetailScreen */,
				56E99BDC2C822896002F1FD8 /* UserScreenPresenterTests.swift */,
				56E99BDE2C8228B8002F1FD8 /* ExpensesScreenPresenterTests.swift */,
				56E99BE02C8228CD002F1FD8 /* IncomeScreenPresenterTests.swift */,
			);
			path = NotificationProjectTests;
			sourceTree = "<group>";
		};
		56E99BCB2C80D20E002F1FD8 /* Mocks */ = {
			isa = PBXGroup;
			children = (
				569C03432D58CF260099556F /* NotificationMock.swift */,
				56E99BD22C80E1A9002F1FD8 /* StorageServiceMock.swift */,
				569C03452D58CF540099556F /* ManagerDelegateMock.swift */,
				56E99C002C8E03C7002F1FD8 /* SomePresenterMock.swift */,
				56E99BFA2C8C75F7002F1FD8 /* ManagerMock.swift */,
				56E99C022C956FCE002F1FD8 /* EditableTableViewCellMock.swift */,
				56E99BD02C80D9D2002F1FD8 /* ViewModelMock.swift */,
				56E99C042C970D3B002F1FD8 /* AppCoordinatorMock.swift */,
				56E99BEC2C822C52002F1FD8 /* RegistrationScreenCoordinatorMock.swift */,
				56E99BF22C88B073002F1FD8 /* RegistrationScreenAssemblyMock.swift */,
				56E99BF42C88B3C2002F1FD8 /* RegistrationScreenControllerMock.swift */,
				56E99BF82C88DCEF002F1FD8 /* RegistrationScreenPresenterMock.swift */,
				56E99BCE2C80D8FC002F1FD8 /* MainScreenCoordinatorMock.swift */,
				56E99C062C972B2D002F1FD8 /* MainScreenAssemblyMock.swift */,
				56E99BCC2C80D236002F1FD8 /* MainViewControllerMock.swift */,
				56E99BD42C80EF68002F1FD8 /* MainScreenPresenterMock.swift */,
				56E99C0A2C973861002F1FD8 /* DetailScreenAssemblyMock.swift */,
				56E99C0C2C973877002F1FD8 /* DetailViewControllerMock.swift */,
				56E99C082C973846002F1FD8 /* DetailScreenPresenterMock.swift */,
				56E99C0E2C973898002F1FD8 /* MenuScreenAssemblyMock.swift */,
				56E99C102C9738A8002F1FD8 /* MenuViewControllerMock.swift */,
				56E99C122C9738B7002F1FD8 /* MenuScreenPresenterMock.swift */,
				56E99C142C9738CE002F1FD8 /* UserScreenAssemblyMock.swift */,
				56E99C162C9738DE002F1FD8 /* UserScreenViewControllerMock.swift */,
				56E99C182C9738EF002F1FD8 /* UserScreenPresenterMock.swift */,
				56E99C1A2C973912002F1FD8 /* ExpensesScreenAssemblyMock.swift */,
				56E99C1C2C973927002F1FD8 /* ExpensesScreenViewControllerMock.swift */,
				56E99C1E2C973938002F1FD8 /* ExpensesScreenPresenterMock.swift */,
				56E99C202C973951002F1FD8 /* InclineScreenAssemblyMock.swift */,
				56E99C222C97396C002F1FD8 /* InclineScreenViewControllerMock.swift */,
				56E99C242C973981002F1FD8 /* InclineScreenPresenterMock.swift */,
			);
			path = Mocks;
			sourceTree = "<group>";
		};
		56E99BEE2C877A3C002F1FD8 /* MenuScreen */ = {
			isa = PBXGroup;
			children = (
				56E99BDA2C82286A002F1FD8 /* MenuScreenPresenterTests.swift */,
			);
			path = MenuScreen;
			sourceTree = "<group>";
		};
		56E99BEF2C877A4A002F1FD8 /* RegistrationScreen */ = {
			isa = PBXGroup;
			children = (
				56E99BE42C82294C002F1FD8 /* RegistrationScreenCoordinatorTests.swift */,
				56E99BF62C88DC3C002F1FD8 /* RegistarationScreenAssemblyTests.swift */,
				560714322CB44D93002053CA /* RegistrationScreenViewControllerTests.swift */,
				56E99BE22C82290C002F1FD8 /* RegistrationScreenPresenterTests.swift */,
			);
			path = RegistrationScreen;
			sourceTree = "<group>";
		};
		56E99BF02C877A4F002F1FD8 /* MainScreen */ = {
			isa = PBXGroup;
			children = (
				56E99BE62C822963002F1FD8 /* MainScreenCoordinatorTests.swift */,
				56E99BD62C8227C9002F1FD8 /* MainScreenPresenterTests.swift */,
			);
			path = MainScreen;
			sourceTree = "<group>";
		};
		56E99BF12C877AC9002F1FD8 /* DetailScreen */ = {
			isa = PBXGroup;
			children = (
				56E99BD82C82284E002F1FD8 /* DetailScreenPresenterTests.swift */,
			);
			path = DetailScreen;
			sourceTree = "<group>";
		};
/* End PBXGroup section */

/* Begin PBXNativeTarget section */
		56A7B84E2B1E557F0022FC86 /* NotificationProject */ = {
			isa = PBXNativeTarget;
			buildConfigurationList = 56A7B8632B1E55810022FC86 /* Build configuration list for PBXNativeTarget "NotificationProject" */;
			buildPhases = (
				1EB08DFACED2605DFCC56262 /* [CP] Check Pods Manifest.lock */,
				56A7B84B2B1E557F0022FC86 /* Sources */,
				56A7B84C2B1E557F0022FC86 /* Frameworks */,
				56A7B84D2B1E557F0022FC86 /* Resources */,
				44B6234629B6DF51FC967DD3 /* [CP] Embed Pods Frameworks */,
			);
			buildRules = (
			);
			dependencies = (
			);
			name = NotificationProject;
			productName = NotificationProject;
			productReference = 56A7B84F2B1E557F0022FC86 /* NotificationProject.app */;
			productType = "com.apple.product-type.application";
		};
		56E99BC12C80D1D4002F1FD8 /* NotificationProjectTests */ = {
			isa = PBXNativeTarget;
			buildConfigurationList = 56E99BC82C80D1D4002F1FD8 /* Build configuration list for PBXNativeTarget "NotificationProjectTests" */;
			buildPhases = (
				56E99BBE2C80D1D4002F1FD8 /* Sources */,
				56E99BBF2C80D1D4002F1FD8 /* Frameworks */,
				56E99BC02C80D1D4002F1FD8 /* Resources */,
			);
			buildRules = (
			);
			dependencies = (
				56E99BC72C80D1D4002F1FD8 /* PBXTargetDependency */,
			);
			name = NotificationProjectTests;
			productName = NotificationProjectTests;
			productReference = 56E99BC22C80D1D4002F1FD8 /* NotificationProjectTests.xctest */;
			productType = "com.apple.product-type.bundle.unit-test";
		};
/* End PBXNativeTarget section */

/* Begin PBXProject section */
		56A7B8472B1E557F0022FC86 /* Project object */ = {
			isa = PBXProject;
			attributes = {
				BuildIndependentTargetsInParallel = 1;
				LastSwiftUpdateCheck = 1540;
				LastUpgradeCheck = 1600;
				TargetAttributes = {
					56A7B84E2B1E557F0022FC86 = {
						CreatedOnToolsVersion = 15.0.1;
					};
					56E99BC12C80D1D4002F1FD8 = {
						CreatedOnToolsVersion = 15.4;
						TestTargetID = 56A7B84E2B1E557F0022FC86;
					};
				};
			};
			buildConfigurationList = 56A7B84A2B1E557F0022FC86 /* Build configuration list for PBXProject "NotificationProject" */;
			compatibilityVersion = "Xcode 14.0";
			developmentRegion = en;
			hasScannedForEncodings = 0;
			knownRegions = (
				en,
				Base,
			);
			mainGroup = 56A7B8462B1E557F0022FC86;
			productRefGroup = 56A7B8502B1E557F0022FC86 /* Products */;
			projectDirPath = "";
			projectRoot = "";
			targets = (
				56A7B84E2B1E557F0022FC86 /* NotificationProject */,
				56E99BC12C80D1D4002F1FD8 /* NotificationProjectTests */,
			);
		};
/* End PBXProject section */

/* Begin PBXResourcesBuildPhase section */
		56A7B84D2B1E557F0022FC86 /* Resources */ = {
			isa = PBXResourcesBuildPhase;
			buildActionMask = 2147483647;
			files = (
				56A7B85F2B1E55810022FC86 /* LaunchScreen.storyboard in Resources */,
				56A7B85C2B1E55810022FC86 /* Assets.xcassets in Resources */,
				56B6935A2BB972E1004D99C0 /* GoogleService-Info.plist in Resources */,
			);
			runOnlyForDeploymentPostprocessing = 0;
		};
		56E99BC02C80D1D4002F1FD8 /* Resources */ = {
			isa = PBXResourcesBuildPhase;
			buildActionMask = 2147483647;
			files = (
			);
			runOnlyForDeploymentPostprocessing = 0;
		};
/* End PBXResourcesBuildPhase section */

/* Begin PBXShellScriptBuildPhase section */
		1EB08DFACED2605DFCC56262 /* [CP] Check Pods Manifest.lock */ = {
			isa = PBXShellScriptBuildPhase;
			buildActionMask = 2147483647;
			files = (
			);
			inputFileListPaths = (
			);
			inputPaths = (
				"${PODS_PODFILE_DIR_PATH}/Podfile.lock",
				"${PODS_ROOT}/Manifest.lock",
			);
			name = "[CP] Check Pods Manifest.lock";
			outputFileListPaths = (
			);
			outputPaths = (
				"$(DERIVED_FILE_DIR)/Pods-NotificationProject-checkManifestLockResult.txt",
			);
			runOnlyForDeploymentPostprocessing = 0;
			shellPath = /bin/sh;
			shellScript = "diff \"${PODS_PODFILE_DIR_PATH}/Podfile.lock\" \"${PODS_ROOT}/Manifest.lock\" > /dev/null\nif [ $? != 0 ] ; then\n    # print error to STDERR\n    echo \"error: The sandbox is not in sync with the Podfile.lock. Run 'pod install' or update your CocoaPods installation.\" >&2\n    exit 1\nfi\n# This output is used by Xcode 'outputs' to avoid re-running this script phase.\necho \"SUCCESS\" > \"${SCRIPT_OUTPUT_FILE_0}\"\n";
			showEnvVarsInLog = 0;
		};
		44B6234629B6DF51FC967DD3 /* [CP] Embed Pods Frameworks */ = {
			isa = PBXShellScriptBuildPhase;
			buildActionMask = 2147483647;
			files = (
			);
			inputFileListPaths = (
				"${PODS_ROOT}/Target Support Files/Pods-NotificationProject/Pods-NotificationProject-frameworks-${CONFIGURATION}-input-files.xcfilelist",
			);
			inputPaths = (
			);
			name = "[CP] Embed Pods Frameworks";
			outputFileListPaths = (
				"${PODS_ROOT}/Target Support Files/Pods-NotificationProject/Pods-NotificationProject-frameworks-${CONFIGURATION}-output-files.xcfilelist",
			);
			outputPaths = (
			);
			runOnlyForDeploymentPostprocessing = 0;
			shellPath = /bin/sh;
			shellScript = "\"${PODS_ROOT}/Target Support Files/Pods-NotificationProject/Pods-NotificationProject-frameworks.sh\"\n";
			showEnvVarsInLog = 0;
		};
/* End PBXShellScriptBuildPhase section */

/* Begin PBXSourcesBuildPhase section */
		56A7B84B2B1E557F0022FC86 /* Sources */ = {
			isa = PBXSourcesBuildPhase;
			buildActionMask = 2147483647;
			files = (
				56A7B8572B1E557F0022FC86 /* ViewController.swift in Sources */,
				56217BEC2BAB516F00843672 /* UserScreenViewController.swift in Sources */,
				56A7B8692B1F984E0022FC86 /* MyNotification.swift in Sources */,
				565A2BCB2BCE8410006EEC1D /* InclineScreenPresenter.swift in Sources */,
				56217BF02BACA76000843672 /* ExpensesScreenViewController.swift in Sources */,
				56217BE82B94763800843672 /* Insets.swift in Sources */,
				565A2BD32BCE8807006EEC1D /* RegistrationPresenter.swift in Sources */,
				564D89B92BBF229B002B14DF /* StorageService.swift in Sources */,
				565A2BC72BCE8400006EEC1D /* ExpensesScreenPresenter.swift in Sources */,
				564D89CD2BCAB289002B14DF /* AppCoordinator.swift in Sources */,
				565A2BD12BCE87FE006EEC1D /* RegistrationScreenAssembly.swift in Sources */,
				565A2BC12BCE83D1006EEC1D /* UserScreenAssembly.swift in Sources */,
				565A2BCF2BCE8424006EEC1D /* MenuScreenPresenter.swift in Sources */,
				5662AC582B663F6000B42751 /* ViewModel.swift in Sources */,
				56E99BFD2C8DF9FF002F1FD8 /* MyClass.swift in Sources */,
				564D89BF2BBF240A002B14DF /* MainScreenAssembly.swift in Sources */,
				5662AC5A2B66407600B42751 /* NetWorkService.swift in Sources */,
				56217BEE2BACA74D00843672 /* InclineScreenViewController.swift in Sources */,
				56C3F7762BB94E7D005D3AD2 /* RegisterViewController.swift in Sources */,
				565A2BDE2BCFD5FF006EEC1D /* DetailScreenViewController.swift in Sources */,
				563C03CF2B3B5C24009F2811 /* Rectangle.swift in Sources */,
				564D89C32BBF2416002B14DF /* MainScreenPresenter.swift in Sources */,
				564D89C12BBF2410002B14DF /* MainScreenController.swift in Sources */,
				564D89BD2BBF2401002B14DF /* MainScreenCoordinator.swift in Sources */,
				56CFDFDA2B25A7BC00FC4F98 /* EditableTableViewCell.swift in Sources */,
				56A7B86F2B2238E70022FC86 /* MenuViewController.swift in Sources */,
				565A2BDD2BCFD5FF006EEC1D /* DetailScreenAssembly.swift in Sources */,
				565A2BCD2BCE841B006EEC1D /* MenuScreenAssembly.swift in Sources */,
				565A2BD52BCE8C3C006EEC1D /* RegistrationScreenCoordinator.swift in Sources */,
				560F99232E7FF26500AEEA76 /* OnboardingCoordinator.swift in Sources */,
				5622BF8A2BCDA36C00946446 /* AppDelegate.swift in Sources */,
				56E99BFF2C8E0275002F1FD8 /* SomePresenter.swift in Sources */,
				563C03D12B3B5CC9009F2811 /* BurgerMenu.swift in Sources */,
				560F99252E7FF2AD00AEEA76 /* OnboardingViewController.swift in Sources */,
				565A2BC52BCE83F8006EEC1D /* ExpensesScreenAssembly.swift in Sources */,
				565A2BC92BCE840B006EEC1D /* InclineScreenAssembly.swift in Sources */,
				565A2BC32BCE83D9006EEC1D /* UserScreenPresenter.swift in Sources */,
				56217BE62B9325AB00843672 /* Offsets.swift in Sources */,
				56A7B86D2B1F99180022FC86 /* Manager.swift in Sources */,
				565A2BDC2BCFD5FF006EEC1D /* DetailScreenPresenter.swift in Sources */,
				56A7B8552B1E557F0022FC86 /* SceneDelegate.swift in Sources */,
			);
			runOnlyForDeploymentPostprocessing = 0;
		};
		56E99BBE2C80D1D4002F1FD8 /* Sources */ = {
			isa = PBXSourcesBuildPhase;
			buildActionMask = 2147483647;
			files = (
				56E99C252C973981002F1FD8 /* InclineScreenPresenterMock.swift in Sources */,
				56E99C152C9738CE002F1FD8 /* UserScreenAssemblyMock.swift in Sources */,
				569C03442D58CF430099556F /* NotificationMock.swift in Sources */,
				56E99C212C973951002F1FD8 /* InclineScreenAssemblyMock.swift in Sources */,
				56E99BF72C88DC3C002F1FD8 /* RegistarationScreenAssemblyTests.swift in Sources */,
				56E99BFB2C8C75F7002F1FD8 /* ManagerMock.swift in Sources */,
				56E99C1F2C973938002F1FD8 /* ExpensesScreenPresenterMock.swift in Sources */,
				56E99BE32C82290D002F1FD8 /* RegistrationScreenPresenterTests.swift in Sources */,
				56E99C0D2C973877002F1FD8 /* DetailViewControllerMock.swift in Sources */,
				56E99BE52C82294C002F1FD8 /* RegistrationScreenCoordinatorTests.swift in Sources */,
				56E99C112C9738A8002F1FD8 /* MenuViewControllerMock.swift in Sources */,
				56E99BE72C822963002F1FD8 /* MainScreenCoordinatorTests.swift in Sources */,
				560714332CB44D93002053CA /* RegistrationScreenViewControllerTests.swift in Sources */,
				56E99C0F2C973898002F1FD8 /* MenuScreenAssemblyMock.swift in Sources */,
				569C03462D58CF600099556F /* ManagerDelegateMock.swift in Sources */,
				56E99C232C97396C002F1FD8 /* InclineScreenViewControllerMock.swift in Sources */,
				56E99C012C8E03C7002F1FD8 /* SomePresenterMock.swift in Sources */,
				56E99BDB2C82286A002F1FD8 /* MenuScreenPresenterTests.swift in Sources */,
				56E99C1D2C973927002F1FD8 /* ExpensesScreenViewControllerMock.swift in Sources */,
				56E99C032C956FCE002F1FD8 /* EditableTableViewCellMock.swift in Sources */,
				56E99BF32C88B073002F1FD8 /* RegistrationScreenAssemblyMock.swift in Sources */,
				56E99BDD2C822896002F1FD8 /* UserScreenPresenterTests.swift in Sources */,
				56E99C1B2C973912002F1FD8 /* ExpensesScreenAssemblyMock.swift in Sources */,
				56E99C132C9738B7002F1FD8 /* MenuScreenPresenterMock.swift in Sources */,
				56E99BF52C88B3C2002F1FD8 /* RegistrationScreenControllerMock.swift in Sources */,
				56E99BDF2C8228B8002F1FD8 /* ExpensesScreenPresenterTests.swift in Sources */,
				56E99BD12C80D9D2002F1FD8 /* ViewModelMock.swift in Sources */,
				56E99BD72C8227C9002F1FD8 /* MainScreenPresenterTests.swift in Sources */,
				564C32A72CE9D450002D46B7 /* ManagerTests.swift in Sources */,
				56E99C072C972B2D002F1FD8 /* MainScreenAssemblyMock.swift in Sources */,
				56E99BD92C82284E002F1FD8 /* DetailScreenPresenterTests.swift in Sources */,
				56E99C052C970D3B002F1FD8 /* AppCoordinatorMock.swift in Sources */,
				56E99BE12C8228CD002F1FD8 /* IncomeScreenPresenterTests.swift in Sources */,
				56E99BED2C822C52002F1FD8 /* RegistrationScreenCoordinatorMock.swift in Sources */,
				56E99BCD2C80D236002F1FD8 /* MainViewControllerMock.swift in Sources */,
				56E99C172C9738DE002F1FD8 /* UserScreenViewControllerMock.swift in Sources */,
				56E99C092C973846002F1FD8 /* DetailScreenPresenterMock.swift in Sources */,
				56E99BD52C80EF68002F1FD8 /* MainScreenPresenterMock.swift in Sources */,
				56E99C0B2C973861002F1FD8 /* DetailScreenAssemblyMock.swift in Sources */,
				56E99BD32C80E1A9002F1FD8 /* StorageServiceMock.swift in Sources */,
				56E99C192C9738EF002F1FD8 /* UserScreenPresenterMock.swift in Sources */,
				56E99BF92C88DCEF002F1FD8 /* RegistrationScreenPresenterMock.swift in Sources */,
				56E99BCF2C80D8FC002F1FD8 /* MainScreenCoordinatorMock.swift in Sources */,
			);
			runOnlyForDeploymentPostprocessing = 0;
		};
/* End PBXSourcesBuildPhase section */

/* Begin PBXTargetDependency section */
		56E99BC72C80D1D4002F1FD8 /* PBXTargetDependency */ = {
			isa = PBXTargetDependency;
			target = 56A7B84E2B1E557F0022FC86 /* NotificationProject */;
			targetProxy = 56E99BC62C80D1D4002F1FD8 /* PBXContainerItemProxy */;
		};
/* End PBXTargetDependency section */

/* Begin PBXVariantGroup section */
		56A7B85D2B1E55810022FC86 /* LaunchScreen.storyboard */ = {
			isa = PBXVariantGroup;
			children = (
				56A7B85E2B1E55810022FC86 /* Base */,
			);
			name = LaunchScreen.storyboard;
			sourceTree = "<group>";
		};
/* End PBXVariantGroup section */

/* Begin XCBuildConfiguration section */
		56A7B8612B1E55810022FC86 /* Debug */ = {
			isa = XCBuildConfiguration;
			buildSettings = {
				ALWAYS_SEARCH_USER_PATHS = NO;
				ASSETCATALOG_COMPILER_GENERATE_SWIFT_ASSET_SYMBOL_EXTENSIONS = YES;
				CLANG_ANALYZER_NONNULL = YES;
				CLANG_ANALYZER_NUMBER_OBJECT_CONVERSION = YES_AGGRESSIVE;
				CLANG_CXX_LANGUAGE_STANDARD = "gnu++20";
				CLANG_ENABLE_MODULES = YES;
				CLANG_ENABLE_OBJC_ARC = YES;
				CLANG_ENABLE_OBJC_WEAK = YES;
				CLANG_WARN_BLOCK_CAPTURE_AUTORELEASING = YES;
				CLANG_WARN_BOOL_CONVERSION = YES;
				CLANG_WARN_COMMA = YES;
				CLANG_WARN_CONSTANT_CONVERSION = YES;
				CLANG_WARN_DEPRECATED_OBJC_IMPLEMENTATIONS = YES;
				CLANG_WARN_DIRECT_OBJC_ISA_USAGE = YES_ERROR;
				CLANG_WARN_DOCUMENTATION_COMMENTS = YES;
				CLANG_WARN_EMPTY_BODY = YES;
				CLANG_WARN_ENUM_CONVERSION = YES;
				CLANG_WARN_INFINITE_RECURSION = YES;
				CLANG_WARN_INT_CONVERSION = YES;
				CLANG_WARN_NON_LITERAL_NULL_CONVERSION = YES;
				CLANG_WARN_OBJC_IMPLICIT_RETAIN_SELF = YES;
				CLANG_WARN_OBJC_LITERAL_CONVERSION = YES;
				CLANG_WARN_OBJC_ROOT_CLASS = YES_ERROR;
				CLANG_WARN_QUOTED_INCLUDE_IN_FRAMEWORK_HEADER = YES;
				CLANG_WARN_RANGE_LOOP_ANALYSIS = YES;
				CLANG_WARN_STRICT_PROTOTYPES = YES;
				CLANG_WARN_SUSPICIOUS_MOVE = YES;
				CLANG_WARN_UNGUARDED_AVAILABILITY = YES_AGGRESSIVE;
				CLANG_WARN_UNREACHABLE_CODE = YES;
				CLANG_WARN__DUPLICATE_METHOD_MATCH = YES;
				COPY_PHASE_STRIP = NO;
				DEBUG_INFORMATION_FORMAT = dwarf;
				ENABLE_STRICT_OBJC_MSGSEND = YES;
				ENABLE_TESTABILITY = YES;
				ENABLE_USER_SCRIPT_SANDBOXING = NO;
				GCC_C_LANGUAGE_STANDARD = gnu17;
				GCC_DYNAMIC_NO_PIC = NO;
				GCC_NO_COMMON_BLOCKS = YES;
				GCC_OPTIMIZATION_LEVEL = 0;
				GCC_PREPROCESSOR_DEFINITIONS = (
					"DEBUG=1",
					"$(inherited)",
				);
				GCC_WARN_64_TO_32_BIT_CONVERSION = YES;
				GCC_WARN_ABOUT_RETURN_TYPE = YES_ERROR;
				GCC_WARN_UNDECLARED_SELECTOR = YES;
				GCC_WARN_UNINITIALIZED_AUTOS = YES_AGGRESSIVE;
				GCC_WARN_UNUSED_FUNCTION = YES;
				GCC_WARN_UNUSED_VARIABLE = YES;
				IPHONEOS_DEPLOYMENT_TARGET = 17.0;
				LOCALIZATION_PREFERS_STRING_CATALOGS = YES;
				MTL_ENABLE_DEBUG_INFO = INCLUDE_SOURCE;
				MTL_FAST_MATH = YES;
				ONLY_ACTIVE_ARCH = YES;
				SDKROOT = iphoneos;
				SWIFT_ACTIVE_COMPILATION_CONDITIONS = "DEBUG $(inherited)";
				SWIFT_OPTIMIZATION_LEVEL = "-Onone";
			};
			name = Debug;
		};
		56A7B8622B1E55810022FC86 /* Release */ = {
			isa = XCBuildConfiguration;
			buildSettings = {
				ALWAYS_SEARCH_USER_PATHS = NO;
				ASSETCATALOG_COMPILER_GENERATE_SWIFT_ASSET_SYMBOL_EXTENSIONS = YES;
				CLANG_ANALYZER_NONNULL = YES;
				CLANG_ANALYZER_NUMBER_OBJECT_CONVERSION = YES_AGGRESSIVE;
				CLANG_CXX_LANGUAGE_STANDARD = "gnu++20";
				CLANG_ENABLE_MODULES = YES;
				CLANG_ENABLE_OBJC_ARC = YES;
				CLANG_ENABLE_OBJC_WEAK = YES;
				CLANG_WARN_BLOCK_CAPTURE_AUTORELEASING = YES;
				CLANG_WARN_BOOL_CONVERSION = YES;
				CLANG_WARN_COMMA = YES;
				CLANG_WARN_CONSTANT_CONVERSION = YES;
				CLANG_WARN_DEPRECATED_OBJC_IMPLEMENTATIONS = YES;
				CLANG_WARN_DIRECT_OBJC_ISA_USAGE = YES_ERROR;
				CLANG_WARN_DOCUMENTATION_COMMENTS = YES;
				CLANG_WARN_EMPTY_BODY = YES;
				CLANG_WARN_ENUM_CONVERSION = YES;
				CLANG_WARN_INFINITE_RECURSION = YES;
				CLANG_WARN_INT_CONVERSION = YES;
				CLANG_WARN_NON_LITERAL_NULL_CONVERSION = YES;
				CLANG_WARN_OBJC_IMPLICIT_RETAIN_SELF = YES;
				CLANG_WARN_OBJC_LITERAL_CONVERSION = YES;
				CLANG_WARN_OBJC_ROOT_CLASS = YES_ERROR;
				CLANG_WARN_QUOTED_INCLUDE_IN_FRAMEWORK_HEADER = YES;
				CLANG_WARN_RANGE_LOOP_ANALYSIS = YES;
				CLANG_WARN_STRICT_PROTOTYPES = YES;
				CLANG_WARN_SUSPICIOUS_MOVE = YES;
				CLANG_WARN_UNGUARDED_AVAILABILITY = YES_AGGRESSIVE;
				CLANG_WARN_UNREACHABLE_CODE = YES;
				CLANG_WARN__DUPLICATE_METHOD_MATCH = YES;
				COPY_PHASE_STRIP = NO;
				DEBUG_INFORMATION_FORMAT = "dwarf-with-dsym";
				ENABLE_NS_ASSERTIONS = NO;
				ENABLE_STRICT_OBJC_MSGSEND = YES;
				ENABLE_USER_SCRIPT_SANDBOXING = NO;
				GCC_C_LANGUAGE_STANDARD = gnu17;
				GCC_NO_COMMON_BLOCKS = YES;
				GCC_WARN_64_TO_32_BIT_CONVERSION = YES;
				GCC_WARN_ABOUT_RETURN_TYPE = YES_ERROR;
				GCC_WARN_UNDECLARED_SELECTOR = YES;
				GCC_WARN_UNINITIALIZED_AUTOS = YES_AGGRESSIVE;
				GCC_WARN_UNUSED_FUNCTION = YES;
				GCC_WARN_UNUSED_VARIABLE = YES;
				IPHONEOS_DEPLOYMENT_TARGET = 17.0;
				LOCALIZATION_PREFERS_STRING_CATALOGS = YES;
				MTL_ENABLE_DEBUG_INFO = NO;
				MTL_FAST_MATH = YES;
				SDKROOT = iphoneos;
				SWIFT_COMPILATION_MODE = wholemodule;
				VALIDATE_PRODUCT = YES;
			};
			name = Release;
		};
		56A7B8642B1E55810022FC86 /* Debug */ = {
			isa = XCBuildConfiguration;
			baseConfigurationReference = EE0DDAF84218D8E038FA6783 /* Pods-NotificationProject.debug.xcconfig */;
			buildSettings = {
				ASSETCATALOG_COMPILER_APPICON_NAME = AppIcon;
				ASSETCATALOG_COMPILER_GLOBAL_ACCENT_COLOR_NAME = AccentColor;
				CODE_SIGN_STYLE = Automatic;
				CURRENT_PROJECT_VERSION = 1;
				DEVELOPMENT_TEAM = 35V8V5JVYK;
				GENERATE_INFOPLIST_FILE = YES;
				INFOPLIST_FILE = NotificationProject/Info.plist;
				INFOPLIST_KEY_UIApplicationSupportsIndirectInputEvents = YES;
				INFOPLIST_KEY_UILaunchStoryboardName = LaunchScreen;
				INFOPLIST_KEY_UIStatusBarHidden = NO;
				INFOPLIST_KEY_UIStatusBarStyle = "";
				INFOPLIST_KEY_UISupportedInterfaceOrientations_iPad = "UIInterfaceOrientationPortrait UIInterfaceOrientationPortraitUpsideDown UIInterfaceOrientationLandscapeLeft UIInterfaceOrientationLandscapeRight";
				INFOPLIST_KEY_UISupportedInterfaceOrientations_iPhone = "UIInterfaceOrientationPortrait UIInterfaceOrientationLandscapeLeft UIInterfaceOrientationLandscapeRight";
				IPHONEOS_DEPLOYMENT_TARGET = 16.0;
				LD_RUNPATH_SEARCH_PATHS = (
					"$(inherited)",
					"@executable_path/Frameworks",
				);
				MARKETING_VERSION = 1.0;
				PRODUCT_BUNDLE_IDENTIFIER = com.example.NotificationProject001;
				PRODUCT_NAME = "$(TARGET_NAME)";
				SWIFT_EMIT_LOC_STRINGS = YES;
				SWIFT_VERSION = 5.0;
				TARGETED_DEVICE_FAMILY = "1,2";
			};
			name = Debug;
		};
		56A7B8652B1E55810022FC86 /* Release */ = {
			isa = XCBuildConfiguration;
			baseConfigurationReference = 8373792C668F335596919346 /* Pods-NotificationProject.release.xcconfig */;
			buildSettings = {
				ASSETCATALOG_COMPILER_APPICON_NAME = AppIcon;
				ASSETCATALOG_COMPILER_GLOBAL_ACCENT_COLOR_NAME = AccentColor;
				CODE_SIGN_STYLE = Automatic;
				CURRENT_PROJECT_VERSION = 1;
				DEVELOPMENT_TEAM = 35V8V5JVYK;
				GENERATE_INFOPLIST_FILE = YES;
				INFOPLIST_FILE = NotificationProject/Info.plist;
				INFOPLIST_KEY_UIApplicationSupportsIndirectInputEvents = YES;
				INFOPLIST_KEY_UILaunchStoryboardName = LaunchScreen;
				INFOPLIST_KEY_UIStatusBarHidden = NO;
				INFOPLIST_KEY_UIStatusBarStyle = "";
				INFOPLIST_KEY_UISupportedInterfaceOrientations_iPad = "UIInterfaceOrientationPortrait UIInterfaceOrientationPortraitUpsideDown UIInterfaceOrientationLandscapeLeft UIInterfaceOrientationLandscapeRight";
				INFOPLIST_KEY_UISupportedInterfaceOrientations_iPhone = "UIInterfaceOrientationPortrait UIInterfaceOrientationLandscapeLeft UIInterfaceOrientationLandscapeRight";
				IPHONEOS_DEPLOYMENT_TARGET = 16.0;
				LD_RUNPATH_SEARCH_PATHS = (
					"$(inherited)",
					"@executable_path/Frameworks",
				);
				MARKETING_VERSION = 1.0;
				PRODUCT_BUNDLE_IDENTIFIER = com.example.NotificationProject001;
				PRODUCT_NAME = "$(TARGET_NAME)";
				SWIFT_EMIT_LOC_STRINGS = YES;
				SWIFT_VERSION = 5.0;
				TARGETED_DEVICE_FAMILY = "1,2";
			};
			name = Release;
		};
		56E99BC92C80D1D4002F1FD8 /* Debug */ = {
			isa = XCBuildConfiguration;
			buildSettings = {
				BUNDLE_LOADER = "$(TEST_HOST)";
				CODE_SIGN_STYLE = Automatic;
				CURRENT_PROJECT_VERSION = 1;
				DEVELOPMENT_TEAM = 35V8V5JVYK;
				ENABLE_USER_SCRIPT_SANDBOXING = YES;
				GENERATE_INFOPLIST_FILE = YES;
				IPHONEOS_DEPLOYMENT_TARGET = 17.5;
				MARKETING_VERSION = 1.0;
				PRODUCT_BUNDLE_IDENTIFIER = com.example.NotificationProjectTests;
				PRODUCT_NAME = "$(TARGET_NAME)";
				SWIFT_EMIT_LOC_STRINGS = NO;
				SWIFT_VERSION = 5.0;
				TARGETED_DEVICE_FAMILY = "1,2";
				TEST_HOST = "$(BUILT_PRODUCTS_DIR)/NotificationProject.app/$(BUNDLE_EXECUTABLE_FOLDER_PATH)/NotificationProject";
			};
			name = Debug;
		};
		56E99BCA2C80D1D4002F1FD8 /* Release */ = {
			isa = XCBuildConfiguration;
			buildSettings = {
				BUNDLE_LOADER = "$(TEST_HOST)";
				CODE_SIGN_STYLE = Automatic;
				CURRENT_PROJECT_VERSION = 1;
				DEVELOPMENT_TEAM = 35V8V5JVYK;
				ENABLE_USER_SCRIPT_SANDBOXING = YES;
				GENERATE_INFOPLIST_FILE = YES;
				IPHONEOS_DEPLOYMENT_TARGET = 17.5;
				MARKETING_VERSION = 1.0;
				PRODUCT_BUNDLE_IDENTIFIER = com.example.NotificationProjectTests;
				PRODUCT_NAME = "$(TARGET_NAME)";
				SWIFT_EMIT_LOC_STRINGS = NO;
				SWIFT_VERSION = 5.0;
				TARGETED_DEVICE_FAMILY = "1,2";
				TEST_HOST = "$(BUILT_PRODUCTS_DIR)/NotificationProject.app/$(BUNDLE_EXECUTABLE_FOLDER_PATH)/NotificationProject";
			};
			name = Release;
		};
/* End XCBuildConfiguration section */

/* Begin XCConfigurationList section */
		56A7B84A2B1E557F0022FC86 /* Build configuration list for PBXProject "NotificationProject" */ = {
			isa = XCConfigurationList;
			buildConfigurations = (
				56A7B8612B1E55810022FC86 /* Debug */,
				56A7B8622B1E55810022FC86 /* Release */,
			);
			defaultConfigurationIsVisible = 0;
			defaultConfigurationName = Release;
		};
		56A7B8632B1E55810022FC86 /* Build configuration list for PBXNativeTarget "NotificationProject" */ = {
			isa = XCConfigurationList;
			buildConfigurations = (
				56A7B8642B1E55810022FC86 /* Debug */,
				56A7B8652B1E55810022FC86 /* Release */,
			);
			defaultConfigurationIsVisible = 0;
			defaultConfigurationName = Release;
		};
		56E99BC82C80D1D4002F1FD8 /* Build configuration list for PBXNativeTarget "NotificationProjectTests" */ = {
			isa = XCConfigurationList;
			buildConfigurations = (
				56E99BC92C80D1D4002F1FD8 /* Debug */,
				56E99BCA2C80D1D4002F1FD8 /* Release */,
			);
			defaultConfigurationIsVisible = 0;
			defaultConfigurationName = Release;
		};
/* End XCConfigurationList section */
	};
	rootObject = 56A7B8472B1E557F0022FC86 /* Project object */;
}
