// !$*UTF8*$!
{
	archiveVersion = 1;
	classes = {
	};
	objectVersion = 56;
	objects = {

/* Begin PBXBuildFile section */
		358FDF1D5DBFDCCDB10EDEFA /* Pods_NotificationProject.framework in Frameworks */ = {isa = PBXBuildFile; fileRef = 749444232832201744575B9A /* Pods_NotificationProject.framework */; };
		563C03CF2B3B5C24009F2811 /* Rectangle.swift in Sources */ = {isa = PBXBuildFile; fileRef = 563C03CE2B3B5C24009F2811 /* Rectangle.swift */; };
		563C03D12B3B5CC9009F2811 /* BurgerMenu.swift in Sources */ = {isa = PBXBuildFile; fileRef = 563C03D02B3B5CC9009F2811 /* BurgerMenu.swift */; };
		569C8B8D2B446E7B0066E23B /* EditableViewModel.swift in Sources */ = {isa = PBXBuildFile; fileRef = 569C8B8C2B446E7B0066E23B /* EditableViewModel.swift */; };
		56A7B8532B1E557F0022FC86 /* AppDelegate.swift in Sources */ = {isa = PBXBuildFile; fileRef = 56A7B8522B1E557F0022FC86 /* AppDelegate.swift */; };
		56A7B8552B1E557F0022FC86 /* SceneDelegate.swift in Sources */ = {isa = PBXBuildFile; fileRef = 56A7B8542B1E557F0022FC86 /* SceneDelegate.swift */; };
		56A7B8572B1E557F0022FC86 /* ViewController.swift in Sources */ = {isa = PBXBuildFile; fileRef = 56A7B8562B1E557F0022FC86 /* ViewController.swift */; };
		56A7B85C2B1E55810022FC86 /* Assets.xcassets in Resources */ = {isa = PBXBuildFile; fileRef = 56A7B85B2B1E55810022FC86 /* Assets.xcassets */; };
		56A7B85F2B1E55810022FC86 /* LaunchScreen.storyboard in Resources */ = {isa = PBXBuildFile; fileRef = 56A7B85D2B1E55810022FC86 /* LaunchScreen.storyboard */; };
		56A7B8692B1F984E0022FC86 /* Notification.swift in Sources */ = {isa = PBXBuildFile; fileRef = 56A7B8682B1F984E0022FC86 /* Notification.swift */; };
		56A7B86D2B1F99180022FC86 /* Manager.swift in Sources */ = {isa = PBXBuildFile; fileRef = 56A7B86C2B1F99180022FC86 /* Manager.swift */; };
		56A7B86F2B2238E70022FC86 /* MenuViewController.swift in Sources */ = {isa = PBXBuildFile; fileRef = 56A7B86E2B2238E70022FC86 /* MenuViewController.swift */; };
		56CFDFDA2B25A7BC00FC4F98 /* EditableTableViewCell.swift in Sources */ = {isa = PBXBuildFile; fileRef = 56CFDFD92B25A7BC00FC4F98 /* EditableTableViewCell.swift */; };
/* End PBXBuildFile section */

/* Begin PBXFileReference section */
		563C03CE2B3B5C24009F2811 /* Rectangle.swift */ = {isa = PBXFileReference; lastKnownFileType = sourcecode.swift; path = Rectangle.swift; sourceTree = "<group>"; };
		563C03D02B3B5CC9009F2811 /* BurgerMenu.swift */ = {isa = PBXFileReference; lastKnownFileType = sourcecode.swift; path = BurgerMenu.swift; sourceTree = "<group>"; };
		569C8B8C2B446E7B0066E23B /* EditableViewModel.swift */ = {isa = PBXFileReference; lastKnownFileType = sourcecode.swift; path = EditableViewModel.swift; sourceTree = "<group>"; };
		56A7B84F2B1E557F0022FC86 /* NotificationProject.app */ = {isa = PBXFileReference; explicitFileType = wrapper.application; includeInIndex = 0; path = NotificationProject.app; sourceTree = BUILT_PRODUCTS_DIR; };
		56A7B8522B1E557F0022FC86 /* AppDelegate.swift */ = {isa = PBXFileReference; lastKnownFileType = sourcecode.swift; path = AppDelegate.swift; sourceTree = "<group>"; };
		56A7B8542B1E557F0022FC86 /* SceneDelegate.swift */ = {isa = PBXFileReference; lastKnownFileType = sourcecode.swift; path = SceneDelegate.swift; sourceTree = "<group>"; };
		56A7B8562B1E557F0022FC86 /* ViewController.swift */ = {isa = PBXFileReference; lastKnownFileType = sourcecode.swift; path = ViewController.swift; sourceTree = "<group>"; };
		56A7B85B2B1E55810022FC86 /* Assets.xcassets */ = {isa = PBXFileReference; lastKnownFileType = folder.assetcatalog; path = Assets.xcassets; sourceTree = "<group>"; };
		56A7B85E2B1E55810022FC86 /* Base */ = {isa = PBXFileReference; lastKnownFileType = file.storyboard; name = Base; path = Base.lproj/LaunchScreen.storyboard; sourceTree = "<group>"; };
		56A7B8602B1E55810022FC86 /* Info.plist */ = {isa = PBXFileReference; lastKnownFileType = text.plist.xml; path = Info.plist; sourceTree = "<group>"; };
		56A7B8682B1F984E0022FC86 /* Notification.swift */ = {isa = PBXFileReference; lastKnownFileType = sourcecode.swift; path = Notification.swift; sourceTree = "<group>"; };
		56A7B86C2B1F99180022FC86 /* Manager.swift */ = {isa = PBXFileReference; lastKnownFileType = sourcecode.swift; path = Manager.swift; sourceTree = "<group>"; };
		56A7B86E2B2238E70022FC86 /* MenuViewController.swift */ = {isa = PBXFileReference; lastKnownFileType = sourcecode.swift; path = MenuViewController.swift; sourceTree = "<group>"; };
		56CFDFD92B25A7BC00FC4F98 /* EditableTableViewCell.swift */ = {isa = PBXFileReference; lastKnownFileType = sourcecode.swift; path = EditableTableViewCell.swift; sourceTree = "<group>"; };
		749444232832201744575B9A /* Pods_NotificationProject.framework */ = {isa = PBXFileReference; explicitFileType = wrapper.framework; includeInIndex = 0; path = Pods_NotificationProject.framework; sourceTree = BUILT_PRODUCTS_DIR; };
		8373792C668F335596919346 /* Pods-NotificationProject.release.xcconfig */ = {isa = PBXFileReference; includeInIndex = 1; lastKnownFileType = text.xcconfig; name = "Pods-NotificationProject.release.xcconfig"; path = "Target Support Files/Pods-NotificationProject/Pods-NotificationProject.release.xcconfig"; sourceTree = "<group>"; };
		EE0DDAF84218D8E038FA6783 /* Pods-NotificationProject.debug.xcconfig */ = {isa = PBXFileReference; includeInIndex = 1; lastKnownFileType = text.xcconfig; name = "Pods-NotificationProject.debug.xcconfig"; path = "Target Support Files/Pods-NotificationProject/Pods-NotificationProject.debug.xcconfig"; sourceTree = "<group>"; };
/* End PBXFileReference section */

/* Begin PBXFrameworksBuildPhase section */
		56A7B84C2B1E557F0022FC86 /* Frameworks */ = {
			isa = PBXFrameworksBuildPhase;
			buildActionMask = 2147483647;
			files = (
				358FDF1D5DBFDCCDB10EDEFA /* Pods_NotificationProject.framework in Frameworks */,
			);
			runOnlyForDeploymentPostprocessing = 0;
		};
/* End PBXFrameworksBuildPhase section */

/* Begin PBXGroup section */
		42751079999985672FD703D5 /* Frameworks */ = {
			isa = PBXGroup;
			children = (
				749444232832201744575B9A /* Pods_NotificationProject.framework */,
			);
			name = Frameworks;
			sourceTree = "<group>";
		};
		431935CB6964AD7B1552EDF5 /* Pods */ = {
			isa = PBXGroup;
			children = (
				EE0DDAF84218D8E038FA6783 /* Pods-NotificationProject.debug.xcconfig */,
				8373792C668F335596919346 /* Pods-NotificationProject.release.xcconfig */,
			);
			path = Pods;
			sourceTree = "<group>";
		};
		56A7B8462B1E557F0022FC86 = {
			isa = PBXGroup;
			children = (
				56A7B8512B1E557F0022FC86 /* NotificationProject */,
				56A7B8502B1E557F0022FC86 /* Products */,
				431935CB6964AD7B1552EDF5 /* Pods */,
				42751079999985672FD703D5 /* Frameworks */,
			);
			sourceTree = "<group>";
		};
		56A7B8502B1E557F0022FC86 /* Products */ = {
			isa = PBXGroup;
			children = (
				56A7B84F2B1E557F0022FC86 /* NotificationProject.app */,
			);
			name = Products;
			sourceTree = "<group>";
		};
		56A7B8512B1E557F0022FC86 /* NotificationProject */ = {
			isa = PBXGroup;
			children = (
				56A7B8522B1E557F0022FC86 /* AppDelegate.swift */,
				56A7B8542B1E557F0022FC86 /* SceneDelegate.swift */,
				56A7B8562B1E557F0022FC86 /* ViewController.swift */,
				56CFDFD92B25A7BC00FC4F98 /* EditableTableViewCell.swift */,
				569C8B8C2B446E7B0066E23B /* EditableViewModel.swift */,
				56A7B86E2B2238E70022FC86 /* MenuViewController.swift */,
				56A7B8682B1F984E0022FC86 /* Notification.swift */,
				56A7B86C2B1F99180022FC86 /* Manager.swift */,
				563C03CE2B3B5C24009F2811 /* Rectangle.swift */,
				563C03D02B3B5CC9009F2811 /* BurgerMenu.swift */,
				56A7B85B2B1E55810022FC86 /* Assets.xcassets */,
				56A7B85D2B1E55810022FC86 /* LaunchScreen.storyboard */,
				56A7B8602B1E55810022FC86 /* Info.plist */,
			);
			path = NotificationProject;
			sourceTree = "<group>";
		};
/* End PBXGroup section */

/* Begin PBXNativeTarget section */
		56A7B84E2B1E557F0022FC86 /* NotificationProject */ = {
			isa = PBXNativeTarget;
			buildConfigurationList = 56A7B8632B1E55810022FC86 /* Build configuration list for PBXNativeTarget "NotificationProject" */;
			buildPhases = (
				1EB08DFACED2605DFCC56262 /* [CP] Check Pods Manifest.lock */,
				56A7B84B2B1E557F0022FC86 /* Sources */,
				56A7B84C2B1E557F0022FC86 /* Frameworks */,
				56A7B84D2B1E557F0022FC86 /* Resources */,
				44B6234629B6DF51FC967DD3 /* [CP] Embed Pods Frameworks */,
			);
			buildRules = (
			);
			dependencies = (
			);
			name = NotificationProject;
			productName = NotificationProject;
			productReference = 56A7B84F2B1E557F0022FC86 /* NotificationProject.app */;
			productType = "com.apple.product-type.application";
		};
/* End PBXNativeTarget section */

/* Begin PBXProject section */
		56A7B8472B1E557F0022FC86 /* Project object */ = {
			isa = PBXProject;
			attributes = {
				BuildIndependentTargetsInParallel = 1;
				LastSwiftUpdateCheck = 1500;
				LastUpgradeCheck = 1500;
				TargetAttributes = {
					56A7B84E2B1E557F0022FC86 = {
						CreatedOnToolsVersion = 15.0.1;
					};
				};
			};
			buildConfigurationList = 56A7B84A2B1E557F0022FC86 /* Build configuration list for PBXProject "NotificationProject" */;
			compatibilityVersion = "Xcode 14.0";
			developmentRegion = en;
			hasScannedForEncodings = 0;
			knownRegions = (
				en,
				Base,
			);
			mainGroup = 56A7B8462B1E557F0022FC86;
			productRefGroup = 56A7B8502B1E557F0022FC86 /* Products */;
			projectDirPath = "";
			projectRoot = "";
			targets = (
				56A7B84E2B1E557F0022FC86 /* NotificationProject */,
			);
		};
/* End PBXProject section */

/* Begin PBXResourcesBuildPhase section */
		56A7B84D2B1E557F0022FC86 /* Resources */ = {
			isa = PBXResourcesBuildPhase;
			buildActionMask = 2147483647;
			files = (
				56A7B85F2B1E55810022FC86 /* LaunchScreen.storyboard in Resources */,
				56A7B85C2B1E55810022FC86 /* Assets.xcassets in Resources */,
			);
			runOnlyForDeploymentPostprocessing = 0;
		};
/* End PBXResourcesBuildPhase section */

/* Begin PBXShellScriptBuildPhase section */
		1EB08DFACED2605DFCC56262 /* [CP] Check Pods Manifest.lock */ = {
			isa = PBXShellScriptBuildPhase;
			buildActionMask = 2147483647;
			files = (
			);
			inputFileListPaths = (
			);
			inputPaths = (
				"${PODS_PODFILE_DIR_PATH}/Podfile.lock",
				"${PODS_ROOT}/Manifest.lock",
			);
			name = "[CP] Check Pods Manifest.lock";
			outputFileListPaths = (
			);
			outputPaths = (
				"$(DERIVED_FILE_DIR)/Pods-NotificationProject-checkManifestLockResult.txt",
			);
			runOnlyForDeploymentPostprocessing = 0;
			shellPath = /bin/sh;
			shellScript = "diff \"${PODS_PODFILE_DIR_PATH}/Podfile.lock\" \"${PODS_ROOT}/Manifest.lock\" > /dev/null\nif [ $? != 0 ] ; then\n    # print error to STDERR\n    echo \"error: The sandbox is not in sync with the Podfile.lock. Run 'pod install' or update your CocoaPods installation.\" >&2\n    exit 1\nfi\n# This output is used by Xcode 'outputs' to avoid re-running this script phase.\necho \"SUCCESS\" > \"${SCRIPT_OUTPUT_FILE_0}\"\n";
			showEnvVarsInLog = 0;
		};
		44B6234629B6DF51FC967DD3 /* [CP] Embed Pods Frameworks */ = {
			isa = PBXShellScriptBuildPhase;
			buildActionMask = 2147483647;
			files = (
			);
			inputFileListPaths = (
				"${PODS_ROOT}/Target Support Files/Pods-NotificationProject/Pods-NotificationProject-frameworks-${CONFIGURATION}-input-files.xcfilelist",
			);
			name = "[CP] Embed Pods Frameworks";
			outputFileListPaths = (
				"${PODS_ROOT}/Target Support Files/Pods-NotificationProject/Pods-NotificationProject-frameworks-${CONFIGURATION}-output-files.xcfilelist",
			);
			runOnlyForDeploymentPostprocessing = 0;
			shellPath = /bin/sh;
			shellScript = "\"${PODS_ROOT}/Target Support Files/Pods-NotificationProject/Pods-NotificationProject-frameworks.sh\"\n";
			showEnvVarsInLog = 0;
		};
/* End PBXShellScriptBuildPhase section */

/* Begin PBXSourcesBuildPhase section */
		56A7B84B2B1E557F0022FC86 /* Sources */ = {
			isa = PBXSourcesBuildPhase;
			buildActionMask = 2147483647;
			files = (
				56A7B8572B1E557F0022FC86 /* ViewController.swift in Sources */,
				56A7B8692B1F984E0022FC86 /* Notification.swift in Sources */,
				56A7B8532B1E557F0022FC86 /* AppDelegate.swift in Sources */,
				563C03CF2B3B5C24009F2811 /* Rectangle.swift in Sources */,
				56CFDFDA2B25A7BC00FC4F98 /* EditableTableViewCell.swift in Sources */,
				56A7B86F2B2238E70022FC86 /* MenuViewController.swift in Sources */,
				563C03D12B3B5CC9009F2811 /* BurgerMenu.swift in Sources */,
				56A7B86D2B1F99180022FC86 /* Manager.swift in Sources */,
				569C8B8D2B446E7B0066E23B /* EditableViewModel.swift in Sources */,
				56A7B8552B1E557F0022FC86 /* SceneDelegate.swift in Sources */,
			);
			runOnlyForDeploymentPostprocessing = 0;
		};
/* End PBXSourcesBuildPhase section */

/* Begin PBXVariantGroup section */
		56A7B85D2B1E55810022FC86 /* LaunchScreen.storyboard */ = {
			isa = PBXVariantGroup;
			children = (
				56A7B85E2B1E55810022FC86 /* Base */,
			);
			name = LaunchScreen.storyboard;
			sourceTree = "<group>";
		};
/* End PBXVariantGroup section */

/* Begin XCBuildConfiguration section */
		56A7B8612B1E55810022FC86 /* Debug */ = {
			isa = XCBuildConfiguration;
			buildSettings = {
				ALWAYS_SEARCH_USER_PATHS = NO;
				ASSETCATALOG_COMPILER_GENERATE_SWIFT_ASSET_SYMBOL_EXTENSIONS = YES;
				CLANG_ANALYZER_NONNULL = YES;
				CLANG_ANALYZER_NUMBER_OBJECT_CONVERSION = YES_AGGRESSIVE;
				CLANG_CXX_LANGUAGE_STANDARD = "gnu++20";
				CLANG_ENABLE_MODULES = YES;
				CLANG_ENABLE_OBJC_ARC = YES;
				CLANG_ENABLE_OBJC_WEAK = YES;
				CLANG_WARN_BLOCK_CAPTURE_AUTORELEASING = YES;
				CLANG_WARN_BOOL_CONVERSION = YES;
				CLANG_WARN_COMMA = YES;
				CLANG_WARN_CONSTANT_CONVERSION = YES;
				CLANG_WARN_DEPRECATED_OBJC_IMPLEMENTATIONS = YES;
				CLANG_WARN_DIRECT_OBJC_ISA_USAGE = YES_ERROR;
				CLANG_WARN_DOCUMENTATION_COMMENTS = YES;
				CLANG_WARN_EMPTY_BODY = YES;
				CLANG_WARN_ENUM_CONVERSION = YES;
				CLANG_WARN_INFINITE_RECURSION = YES;
				CLANG_WARN_INT_CONVERSION = YES;
				CLANG_WARN_NON_LITERAL_NULL_CONVERSION = YES;
				CLANG_WARN_OBJC_IMPLICIT_RETAIN_SELF = YES;
				CLANG_WARN_OBJC_LITERAL_CONVERSION = YES;
				CLANG_WARN_OBJC_ROOT_CLASS = YES_ERROR;
				CLANG_WARN_QUOTED_INCLUDE_IN_FRAMEWORK_HEADER = YES;
				CLANG_WARN_RANGE_LOOP_ANALYSIS = YES;
				CLANG_WARN_STRICT_PROTOTYPES = YES;
				CLANG_WARN_SUSPICIOUS_MOVE = YES;
				CLANG_WARN_UNGUARDED_AVAILABILITY = YES_AGGRESSIVE;
				CLANG_WARN_UNREACHABLE_CODE = YES;
				CLANG_WARN__DUPLICATE_METHOD_MATCH = YES;
				COPY_PHASE_STRIP = NO;
				DEBUG_INFORMATION_FORMAT = dwarf;
				ENABLE_STRICT_OBJC_MSGSEND = YES;
				ENABLE_TESTABILITY = YES;
				ENABLE_USER_SCRIPT_SANDBOXING = NO;
				GCC_C_LANGUAGE_STANDARD = gnu17;
				GCC_DYNAMIC_NO_PIC = NO;
				GCC_NO_COMMON_BLOCKS = YES;
				GCC_OPTIMIZATION_LEVEL = 0;
				GCC_PREPROCESSOR_DEFINITIONS = (
					"DEBUG=1",
					"$(inherited)",
				);
				GCC_WARN_64_TO_32_BIT_CONVERSION = YES;
				GCC_WARN_ABOUT_RETURN_TYPE = YES_ERROR;
				GCC_WARN_UNDECLARED_SELECTOR = YES;
				GCC_WARN_UNINITIALIZED_AUTOS = YES_AGGRESSIVE;
				GCC_WARN_UNUSED_FUNCTION = YES;
				GCC_WARN_UNUSED_VARIABLE = YES;
				IPHONEOS_DEPLOYMENT_TARGET = 17.0;
				LOCALIZATION_PREFERS_STRING_CATALOGS = YES;
				MTL_ENABLE_DEBUG_INFO = INCLUDE_SOURCE;
				MTL_FAST_MATH = YES;
				ONLY_ACTIVE_ARCH = YES;
				SDKROOT = iphoneos;
				SWIFT_ACTIVE_COMPILATION_CONDITIONS = "DEBUG $(inherited)";
				SWIFT_OPTIMIZATION_LEVEL = "-Onone";
			};
			name = Debug;
		};
		56A7B8622B1E55810022FC86 /* Release */ = {
			isa = XCBuildConfiguration;
			buildSettings = {
				ALWAYS_SEARCH_USER_PATHS = NO;
				ASSETCATALOG_COMPILER_GENERATE_SWIFT_ASSET_SYMBOL_EXTENSIONS = YES;
				CLANG_ANALYZER_NONNULL = YES;
				CLANG_ANALYZER_NUMBER_OBJECT_CONVERSION = YES_AGGRESSIVE;
				CLANG_CXX_LANGUAGE_STANDARD = "gnu++20";
				CLANG_ENABLE_MODULES = YES;
				CLANG_ENABLE_OBJC_ARC = YES;
				CLANG_ENABLE_OBJC_WEAK = YES;
				CLANG_WARN_BLOCK_CAPTURE_AUTORELEASING = YES;
				CLANG_WARN_BOOL_CONVERSION = YES;
				CLANG_WARN_COMMA = YES;
				CLANG_WARN_CONSTANT_CONVERSION = YES;
				CLANG_WARN_DEPRECATED_OBJC_IMPLEMENTATIONS = YES;
				CLANG_WARN_DIRECT_OBJC_ISA_USAGE = YES_ERROR;
				CLANG_WARN_DOCUMENTATION_COMMENTS = YES;
				CLANG_WARN_EMPTY_BODY = YES;
				CLANG_WARN_ENUM_CONVERSION = YES;
				CLANG_WARN_INFINITE_RECURSION = YES;
				CLANG_WARN_INT_CONVERSION = YES;
				CLANG_WARN_NON_LITERAL_NULL_CONVERSION = YES;
				CLANG_WARN_OBJC_IMPLICIT_RETAIN_SELF = YES;
				CLANG_WARN_OBJC_LITERAL_CONVERSION = YES;
				CLANG_WARN_OBJC_ROOT_CLASS = YES_ERROR;
				CLANG_WARN_QUOTED_INCLUDE_IN_FRAMEWORK_HEADER = YES;
				CLANG_WARN_RANGE_LOOP_ANALYSIS = YES;
				CLANG_WARN_STRICT_PROTOTYPES = YES;
				CLANG_WARN_SUSPICIOUS_MOVE = YES;
				CLANG_WARN_UNGUARDED_AVAILABILITY = YES_AGGRESSIVE;
				CLANG_WARN_UNREACHABLE_CODE = YES;
				CLANG_WARN__DUPLICATE_METHOD_MATCH = YES;
				COPY_PHASE_STRIP = NO;
				DEBUG_INFORMATION_FORMAT = "dwarf-with-dsym";
				ENABLE_NS_ASSERTIONS = NO;
				ENABLE_STRICT_OBJC_MSGSEND = YES;
				ENABLE_USER_SCRIPT_SANDBOXING = NO;
				GCC_C_LANGUAGE_STANDARD = gnu17;
				GCC_NO_COMMON_BLOCKS = YES;
				GCC_WARN_64_TO_32_BIT_CONVERSION = YES;
				GCC_WARN_ABOUT_RETURN_TYPE = YES_ERROR;
				GCC_WARN_UNDECLARED_SELECTOR = YES;
				GCC_WARN_UNINITIALIZED_AUTOS = YES_AGGRESSIVE;
				GCC_WARN_UNUSED_FUNCTION = YES;
				GCC_WARN_UNUSED_VARIABLE = YES;
				IPHONEOS_DEPLOYMENT_TARGET = 17.0;
				LOCALIZATION_PREFERS_STRING_CATALOGS = YES;
				MTL_ENABLE_DEBUG_INFO = NO;
				MTL_FAST_MATH = YES;
				SDKROOT = iphoneos;
				SWIFT_COMPILATION_MODE = wholemodule;
				VALIDATE_PRODUCT = YES;
			};
			name = Release;
		};
		56A7B8642B1E55810022FC86 /* Debug */ = {
			isa = XCBuildConfiguration;
			baseConfigurationReference = EE0DDAF84218D8E038FA6783 /* Pods-NotificationProject.debug.xcconfig */;
			buildSettings = {
				ASSETCATALOG_COMPILER_APPICON_NAME = AppIcon;
				ASSETCATALOG_COMPILER_GLOBAL_ACCENT_COLOR_NAME = AccentColor;
				CODE_SIGN_STYLE = Automatic;
				CURRENT_PROJECT_VERSION = 1;
				DEVELOPMENT_TEAM = 35V8V5JVYK;
				GENERATE_INFOPLIST_FILE = YES;
				INFOPLIST_FILE = NotificationProject/Info.plist;
				INFOPLIST_KEY_UIApplicationSupportsIndirectInputEvents = YES;
				INFOPLIST_KEY_UILaunchStoryboardName = LaunchScreen;
				INFOPLIST_KEY_UIStatusBarHidden = NO;
				INFOPLIST_KEY_UIStatusBarStyle = "";
				INFOPLIST_KEY_UISupportedInterfaceOrientations_iPad = "UIInterfaceOrientationPortrait UIInterfaceOrientationPortraitUpsideDown UIInterfaceOrientationLandscapeLeft UIInterfaceOrientationLandscapeRight";
				INFOPLIST_KEY_UISupportedInterfaceOrientations_iPhone = "UIInterfaceOrientationPortrait UIInterfaceOrientationLandscapeLeft UIInterfaceOrientationLandscapeRight";
				IPHONEOS_DEPLOYMENT_TARGET = 15.0;
				LD_RUNPATH_SEARCH_PATHS = (
					"$(inherited)",
					"@executable_path/Frameworks",
				);
				MARKETING_VERSION = 1.0;
				PRODUCT_BUNDLE_IDENTIFIER = com.example.NotificationProject001;
				PRODUCT_NAME = "$(TARGET_NAME)";
				SWIFT_EMIT_LOC_STRINGS = YES;
				SWIFT_VERSION = 5.0;
				TARGETED_DEVICE_FAMILY = "1,2";
			};
			name = Debug;
		};
		56A7B8652B1E55810022FC86 /* Release */ = {
			isa = XCBuildConfiguration;
			baseConfigurationReference = 8373792C668F335596919346 /* Pods-NotificationProject.release.xcconfig */;
			buildSettings = {
				ASSETCATALOG_COMPILER_APPICON_NAME = AppIcon;
				ASSETCATALOG_COMPILER_GLOBAL_ACCENT_COLOR_NAME = AccentColor;
				CODE_SIGN_STYLE = Automatic;
				CURRENT_PROJECT_VERSION = 1;
				DEVELOPMENT_TEAM = 35V8V5JVYK;
				GENERATE_INFOPLIST_FILE = YES;
				INFOPLIST_FILE = NotificationProject/Info.plist;
				INFOPLIST_KEY_UIApplicationSupportsIndirectInputEvents = YES;
				INFOPLIST_KEY_UILaunchStoryboardName = LaunchScreen;
				INFOPLIST_KEY_UIStatusBarHidden = NO;
				INFOPLIST_KEY_UIStatusBarStyle = "";
				INFOPLIST_KEY_UISupportedInterfaceOrientations_iPad = "UIInterfaceOrientationPortrait UIInterfaceOrientationPortraitUpsideDown UIInterfaceOrientationLandscapeLeft UIInterfaceOrientationLandscapeRight";
				INFOPLIST_KEY_UISupportedInterfaceOrientations_iPhone = "UIInterfaceOrientationPortrait UIInterfaceOrientationLandscapeLeft UIInterfaceOrientationLandscapeRight";
				IPHONEOS_DEPLOYMENT_TARGET = 15.0;
				LD_RUNPATH_SEARCH_PATHS = (
					"$(inherited)",
					"@executable_path/Frameworks",
				);
				MARKETING_VERSION = 1.0;
				PRODUCT_BUNDLE_IDENTIFIER = com.example.NotificationProject001;
				PRODUCT_NAME = "$(TARGET_NAME)";
				SWIFT_EMIT_LOC_STRINGS = YES;
				SWIFT_VERSION = 5.0;
				TARGETED_DEVICE_FAMILY = "1,2";
			};
			name = Release;
		};
/* End XCBuildConfiguration section */

/* Begin XCConfigurationList section */
		56A7B84A2B1E557F0022FC86 /* Build configuration list for PBXProject "NotificationProject" */ = {
			isa = XCConfigurationList;
			buildConfigurations = (
				56A7B8612B1E55810022FC86 /* Debug */,
				56A7B8622B1E55810022FC86 /* Release */,
			);
			defaultConfigurationIsVisible = 0;
			defaultConfigurationName = Release;
		};
		56A7B8632B1E55810022FC86 /* Build configuration list for PBXNativeTarget "NotificationProject" */ = {
			isa = XCConfigurationList;
			buildConfigurations = (
				56A7B8642B1E55810022FC86 /* Debug */,
				56A7B8652B1E55810022FC86 /* Release */,
			);
			defaultConfigurationIsVisible = 0;
			defaultConfigurationName = Release;
		};
/* End XCConfigurationList section */
	};
	rootObject = 56A7B8472B1E557F0022FC86 /* Project object */;
}
